// !$*UTF8*$!
{
	archiveVersion = 1;
	classes = {
	};
	objectVersion = 55;
	objects = {

/* Begin PBXBuildFile section */
		2D0352A327FB2BD3005B038E /* InfoView.swift in Sources */ = {isa = PBXBuildFile; fileRef = 2D03529F27FB2BD3005B038E /* InfoView.swift */; };
		2D0352A427FB2BD3005B038E /* InfoView.xib in Resources */ = {isa = PBXBuildFile; fileRef = 2D0352A027FB2BD3005B038E /* InfoView.xib */; };
		2D0352A827FDF0E2005B038E /* RxReachability.swift in Sources */ = {isa = PBXBuildFile; fileRef = 2D0352A727FDF0E2005B038E /* RxReachability.swift */; };
		2D0352AB27FDFACB005B038E /* Chapter15VC.swift in Sources */ = {isa = PBXBuildFile; fileRef = 2D0352AA27FDFACB005B038E /* Chapter15VC.swift */; };
		2D0352AF27FF6B80005B038E /* TestingViewController.swift in Sources */ = {isa = PBXBuildFile; fileRef = 2D0352AE27FF6B80005B038E /* TestingViewController.swift */; };
		2D0352B127FF6B84005B038E /* TestingViewModel.swift in Sources */ = {isa = PBXBuildFile; fileRef = 2D0352B027FF6B84005B038E /* TestingViewModel.swift */; };
		2D0352B327FF6C58005B038E /* TestingOperators.swift in Sources */ = {isa = PBXBuildFile; fileRef = 2D0352B227FF6C58005B038E /* TestingOperators.swift */; };
		2D0352B527FF6C5C005B038E /* TestingViewModel.swift in Sources */ = {isa = PBXBuildFile; fileRef = 2D0352B427FF6C5C005B038E /* TestingViewModel.swift */; };
		2D0352BC280468C7005B038E /* Podfile in Resources */ = {isa = PBXBuildFile; fileRef = 2D0352BB280468C7005B038E /* Podfile */; };
		2D0352CD2804698C005B038E /* GiphySearchResponse.swift in Sources */ = {isa = PBXBuildFile; fileRef = 2D0352C02804698C005B038E /* GiphySearchResponse.swift */; };
		2D0352CE2804698C005B038E /* GifMainTableViewController.swift in Sources */ = {isa = PBXBuildFile; fileRef = 2D0352C12804698C005B038E /* GifMainTableViewController.swift */; };
		2D0352D22804698C005B038E /* GifApiController.swift in Sources */ = {isa = PBXBuildFile; fileRef = 2D0352C72804698C005B038E /* GifApiController.swift */; };
		2D0352D32804698C005B038E /* URLSession+Rx.swift in Sources */ = {isa = PBXBuildFile; fileRef = 2D0352C82804698C005B038E /* URLSession+Rx.swift */; };
		2D0352D42804698C005B038E /* GifTableViewCell.swift in Sources */ = {isa = PBXBuildFile; fileRef = 2D0352C92804698C005B038E /* GifTableViewCell.swift */; };
		2D0352D62804698C005B038E /* GiphyGif.swift in Sources */ = {isa = PBXBuildFile; fileRef = 2D0352CB2804698C005B038E /* GiphyGif.swift */; };
		2D0352DD28046A46005B038E /* iGif.storyboard in Resources */ = {isa = PBXBuildFile; fileRef = 2D0352DC28046A46005B038E /* iGif.storyboard */; };
		2D108CF5281706EA000A2A50 /* iGifTests.swift in Sources */ = {isa = PBXBuildFile; fileRef = 2D108CF4281706EA000A2A50 /* iGifTests.swift */; };
		2D11D36127E38AB100389ADC /* Combinestagram.storyboard in Resources */ = {isa = PBXBuildFile; fileRef = 2D11D36027E38AB100389ADC /* Combinestagram.storyboard */; };
		2D11D36327E38B7800389ADC /* Chapter4VC.swift.swift in Sources */ = {isa = PBXBuildFile; fileRef = 2D11D36227E38B7800389ADC /* Chapter4VC.swift.swift */; };
		2D11D36527E38BFF00389ADC /* UIImage+Collage.swift in Sources */ = {isa = PBXBuildFile; fileRef = 2D11D36427E38BFF00389ADC /* UIImage+Collage.swift */; };
		2D11D36727E38C1900389ADC /* PhotoWriter.swift in Sources */ = {isa = PBXBuildFile; fileRef = 2D11D36627E38C1800389ADC /* PhotoWriter.swift */; };
		2D11D36A27E38C2E00389ADC /* PhotosViewController.swift in Sources */ = {isa = PBXBuildFile; fileRef = 2D11D36827E38C2E00389ADC /* PhotosViewController.swift */; };
		2D11D36B27E38C2E00389ADC /* PhotoCell.swift in Sources */ = {isa = PBXBuildFile; fileRef = 2D11D36927E38C2E00389ADC /* PhotoCell.swift */; };
		2D11D36D27E38C9100389ADC /* CombineinstagramAsset.xcassets in Resources */ = {isa = PBXBuildFile; fileRef = 2D11D36C27E38C9100389ADC /* CombineinstagramAsset.xcassets */; };
		2D122DFC27E8DBD1003FE193 /* PHPhotoLibrary+Rx.swift.swift in Sources */ = {isa = PBXBuildFile; fileRef = 2D122DFB27E8DBD1003FE193 /* PHPhotoLibrary+Rx.swift.swift */; };
		2D122DFE27E913AF003FE193 /* UIViewController+RxAlert.swift in Sources */ = {isa = PBXBuildFile; fileRef = 2D122DFD27E913AF003FE193 /* UIViewController+RxAlert.swift */; };
		2D122E0127E9C2E0003FE193 /* Chapter7VC.swift in Sources */ = {isa = PBXBuildFile; fileRef = 2D122E0027E9C2E0003FE193 /* Chapter7VC.swift */; };
		2D122E0427EB7907003FE193 /* ActivityController.swift in Sources */ = {isa = PBXBuildFile; fileRef = 2D122E0327EB7907003FE193 /* ActivityController.swift */; };
		2D122E0627EB7B9A003FE193 /* Event.swift in Sources */ = {isa = PBXBuildFile; fileRef = 2D122E0527EB7B9A003FE193 /* Event.swift */; };
		2D122E0927EB7C02003FE193 /* GitFeed.storyboard in Resources */ = {isa = PBXBuildFile; fileRef = 2D122E0827EB7C02003FE193 /* GitFeed.storyboard */; };
		2D2080D127F220460078EA29 /* Chapter11VC.swift in Sources */ = {isa = PBXBuildFile; fileRef = 2D2080D027F220460078EA29 /* Chapter11VC.swift */; };
		2D2080EA27F223E30078EA29 /* TimelineViewBase.swift in Sources */ = {isa = PBXBuildFile; fileRef = 2D2080E427F223E20078EA29 /* TimelineViewBase.swift */; };
		2D2080EB27F223E30078EA29 /* Timer.swift in Sources */ = {isa = PBXBuildFile; fileRef = 2D2080E527F223E30078EA29 /* Timer.swift */; };
		2D2080EC27F223E30078EA29 /* StackView.swift in Sources */ = {isa = PBXBuildFile; fileRef = 2D2080E627F223E30078EA29 /* StackView.swift */; };
		2D2080ED27F223E30078EA29 /* Label.swift in Sources */ = {isa = PBXBuildFile; fileRef = 2D2080E727F223E30078EA29 /* Label.swift */; };
		2D2080F227F37BC20078EA29 /* LICENSE in Resources */ = {isa = PBXBuildFile; fileRef = 2D2080F027F37BC20078EA29 /* LICENSE */; };
		2D2080F327F37BC20078EA29 /* weather.ttf in Resources */ = {isa = PBXBuildFile; fileRef = 2D2080F127F37BC20078EA29 /* weather.ttf */; };
		2D2080F627F37BC70078EA29 /* ApiController.swift in Sources */ = {isa = PBXBuildFile; fileRef = 2D2080F527F37BC70078EA29 /* ApiController.swift */; };
		2D2080FA27F37BCC0078EA29 /* Colors.swift in Sources */ = {isa = PBXBuildFile; fileRef = 2D2080F827F37BCC0078EA29 /* Colors.swift */; };
		2D2080FB27F37BCC0078EA29 /* Appearance.swift in Sources */ = {isa = PBXBuildFile; fileRef = 2D2080F927F37BCC0078EA29 /* Appearance.swift */; };
		2D2080FD27F37BE40078EA29 /* Wundercast.storyboard in Resources */ = {isa = PBXBuildFile; fileRef = 2D2080FC27F37BE40078EA29 /* Wundercast.storyboard */; };
		2D2080FF27F37BFC0078EA29 /* WundercastVC.swift in Sources */ = {isa = PBXBuildFile; fileRef = 2D2080FE27F37BFC0078EA29 /* WundercastVC.swift */; };
		2D20810127F99EC20078EA29 /* CLLocationManager+Rx.swift in Sources */ = {isa = PBXBuildFile; fileRef = 2D20810027F99EC20078EA29 /* CLLocationManager+Rx.swift */; };
		2D20810427F9C2690078EA29 /* MKMapView+Rx.swift in Sources */ = {isa = PBXBuildFile; fileRef = 2D20810327F9C2680078EA29 /* MKMapView+Rx.swift */; };
		2D276E1E27E5D396001378CF /* Main.storyboard in Resources */ = {isa = PBXBuildFile; fileRef = 2D276E1D27E5D396001378CF /* Main.storyboard */; };
		2D276E2027E5D3A8001378CF /* Chapter5VC.swift in Sources */ = {isa = PBXBuildFile; fileRef = 2D276E1F27E5D3A8001378CF /* Chapter5VC.swift */; };
		2D276E2227E72C25001378CF /* UIImage+Hash.swift in Sources */ = {isa = PBXBuildFile; fileRef = 2D276E2127E72C25001378CF /* UIImage+Hash.swift */; };
		2DBA199827ECA0EE00B3C4C9 /* Chapter9VC.swift in Sources */ = {isa = PBXBuildFile; fileRef = 2DBA199727ECA0EE00B3C4C9 /* Chapter9VC.swift */; };
		2DBA19A027ECDB7A00B3C4C9 /* EOLocation.swift in Sources */ = {isa = PBXBuildFile; fileRef = 2DBA199A27ECDB7A00B3C4C9 /* EOLocation.swift */; };
		2DBA19A127ECDB7A00B3C4C9 /* EOError.swift in Sources */ = {isa = PBXBuildFile; fileRef = 2DBA199B27ECDB7A00B3C4C9 /* EOError.swift */; };
		2DBA19A227ECDB7A00B3C4C9 /* EOEvent.swift in Sources */ = {isa = PBXBuildFile; fileRef = 2DBA199C27ECDB7A00B3C4C9 /* EOEvent.swift */; };
		2DBA19A327ECDB7A00B3C4C9 /* EOCategory.swift in Sources */ = {isa = PBXBuildFile; fileRef = 2DBA199D27ECDB7A00B3C4C9 /* EOCategory.swift */; };
		2DBA19A427ECDB7A00B3C4C9 /* EONET.swift in Sources */ = {isa = PBXBuildFile; fileRef = 2DBA199E27ECDB7A00B3C4C9 /* EONET.swift */; };
		2DBA19A527ECDB7A00B3C4C9 /* EOEnvelope.swift in Sources */ = {isa = PBXBuildFile; fileRef = 2DBA199F27ECDB7A00B3C4C9 /* EOEnvelope.swift */; };
		2DBA19A727ECDBAE00B3C4C9 /* OurPlanet.storyboard in Resources */ = {isa = PBXBuildFile; fileRef = 2DBA19A627ECDBAE00B3C4C9 /* OurPlanet.storyboard */; };
		2DBA19AB27ECDBED00B3C4C9 /* EventsViewController.swift in Sources */ = {isa = PBXBuildFile; fileRef = 2DBA19A827ECDBED00B3C4C9 /* EventsViewController.swift */; };
		2DBA19AC27ECDBED00B3C4C9 /* EventCell.swift in Sources */ = {isa = PBXBuildFile; fileRef = 2DBA19A927ECDBED00B3C4C9 /* EventCell.swift */; };
		2DBA19AD27ECDBED00B3C4C9 /* CategoriesViewController.swift in Sources */ = {isa = PBXBuildFile; fileRef = 2DBA19AA27ECDBED00B3C4C9 /* CategoriesViewController.swift */; };
		2DBA19AF27EF23B500B3C4C9 /* DownloadView.swift in Sources */ = {isa = PBXBuildFile; fileRef = 2DBA19AE27EF23B400B3C4C9 /* DownloadView.swift */; };
		2DD0922427E108F3000F56A3 /* Copyright.txt in Resources */ = {isa = PBXBuildFile; fileRef = 2DD0922327E108F3000F56A3 /* Copyright.txt */; };
		2DD0922727E117D3000F56A3 /* MenuViewController.swift in Sources */ = {isa = PBXBuildFile; fileRef = 2DD0922627E117D3000F56A3 /* MenuViewController.swift */; };
		2DD0922A27E118D1000F56A3 /* Chapter3VC.swift in Sources */ = {isa = PBXBuildFile; fileRef = 2DD0922927E118D1000F56A3 /* Chapter3VC.swift */; };
		2DD91CBF27DFB1CE007D0113 /* AppDelegate.swift in Sources */ = {isa = PBXBuildFile; fileRef = 2DD91CBE27DFB1CE007D0113 /* AppDelegate.swift */; };
		2DD91CC127DFB1CE007D0113 /* SceneDelegate.swift in Sources */ = {isa = PBXBuildFile; fileRef = 2DD91CC027DFB1CE007D0113 /* SceneDelegate.swift */; };
		2DD91CC327DFB1CE007D0113 /* Chapter2VC.swift in Sources */ = {isa = PBXBuildFile; fileRef = 2DD91CC227DFB1CE007D0113 /* Chapter2VC.swift */; };
		2DD91CC827DFB1D0007D0113 /* Assets.xcassets in Resources */ = {isa = PBXBuildFile; fileRef = 2DD91CC727DFB1D0007D0113 /* Assets.xcassets */; };
		2DD91CCB27DFB1D0007D0113 /* LaunchScreen.storyboard in Resources */ = {isa = PBXBuildFile; fileRef = 2DD91CC927DFB1D0007D0113 /* LaunchScreen.storyboard */; };
		2DD91CD627DFB1D0007D0113 /* RxSwiftEducationTests.swift in Sources */ = {isa = PBXBuildFile; fileRef = 2DD91CD527DFB1D0007D0113 /* RxSwiftEducationTests.swift */; };
		2DD91CE027DFB1D0007D0113 /* RxSwiftEducationUITests.swift in Sources */ = {isa = PBXBuildFile; fileRef = 2DD91CDF27DFB1D0007D0113 /* RxSwiftEducationUITests.swift */; };
		2DD91CE227DFB1D0007D0113 /* RxSwiftEducationUITestsLaunchTests.swift in Sources */ = {isa = PBXBuildFile; fileRef = 2DD91CE127DFB1D0007D0113 /* RxSwiftEducationUITestsLaunchTests.swift */; };
		B450623EEC59A3C19F6930C4 /* Pods_RxSwiftEducation_RxSwiftEducationUITests.framework in Frameworks */ = {isa = PBXBuildFile; fileRef = D747A9CE60169AC968DFE4EF /* Pods_RxSwiftEducation_RxSwiftEducationUITests.framework */; };
		BA0F66E761D6CC41F8595248 /* Pods_RxSwiftEducation.framework in Frameworks */ = {isa = PBXBuildFile; fileRef = 224D8355CB38B30C1E3F01AF /* Pods_RxSwiftEducation.framework */; };
		CF86F522546ABE65D82D4244 /* Pods_RxSwiftEducationTests.framework in Frameworks */ = {isa = PBXBuildFile; fileRef = F6398E2D522AEC1696238E43 /* Pods_RxSwiftEducationTests.framework */; };
/* End PBXBuildFile section */

/* Begin PBXContainerItemProxy section */
		2DD91CD227DFB1D0007D0113 /* PBXContainerItemProxy */ = {
			isa = PBXContainerItemProxy;
			containerPortal = 2DD91CB327DFB1CE007D0113 /* Project object */;
			proxyType = 1;
			remoteGlobalIDString = 2DD91CBA27DFB1CE007D0113;
			remoteInfo = RxSwiftEducation;
		};
		2DD91CDC27DFB1D0007D0113 /* PBXContainerItemProxy */ = {
			isa = PBXContainerItemProxy;
			containerPortal = 2DD91CB327DFB1CE007D0113 /* Project object */;
			proxyType = 1;
			remoteGlobalIDString = 2DD91CBA27DFB1CE007D0113;
			remoteInfo = RxSwiftEducation;
		};
/* End PBXContainerItemProxy section */

/* Begin PBXFileReference section */
		14DD3A5C8E6BD563DD1E6841 /* Pods-RxSwiftEducation.release.xcconfig */ = {isa = PBXFileReference; includeInIndex = 1; lastKnownFileType = text.xcconfig; name = "Pods-RxSwiftEducation.release.xcconfig"; path = "Target Support Files/Pods-RxSwiftEducation/Pods-RxSwiftEducation.release.xcconfig"; sourceTree = "<group>"; };
		196CAAA6104F6E4E41CEF8D5 /* Pods-RxSwiftEducation-RxSwiftEducationUITests.release.xcconfig */ = {isa = PBXFileReference; includeInIndex = 1; lastKnownFileType = text.xcconfig; name = "Pods-RxSwiftEducation-RxSwiftEducationUITests.release.xcconfig"; path = "Target Support Files/Pods-RxSwiftEducation-RxSwiftEducationUITests/Pods-RxSwiftEducation-RxSwiftEducationUITests.release.xcconfig"; sourceTree = "<group>"; };
		224D8355CB38B30C1E3F01AF /* Pods_RxSwiftEducation.framework */ = {isa = PBXFileReference; explicitFileType = wrapper.framework; includeInIndex = 0; path = Pods_RxSwiftEducation.framework; sourceTree = BUILT_PRODUCTS_DIR; };
		2D03529F27FB2BD3005B038E /* InfoView.swift */ = {isa = PBXFileReference; fileEncoding = 4; lastKnownFileType = sourcecode.swift; path = InfoView.swift; sourceTree = "<group>"; };
		2D0352A027FB2BD3005B038E /* InfoView.xib */ = {isa = PBXFileReference; fileEncoding = 4; lastKnownFileType = file.xib; path = InfoView.xib; sourceTree = "<group>"; };
		2D0352A727FDF0E2005B038E /* RxReachability.swift */ = {isa = PBXFileReference; fileEncoding = 4; lastKnownFileType = sourcecode.swift; path = RxReachability.swift; sourceTree = "<group>"; };
		2D0352AA27FDFACB005B038E /* Chapter15VC.swift */ = {isa = PBXFileReference; lastKnownFileType = sourcecode.swift; path = Chapter15VC.swift; sourceTree = "<group>"; };
		2D0352AE27FF6B80005B038E /* TestingViewController.swift */ = {isa = PBXFileReference; fileEncoding = 4; lastKnownFileType = sourcecode.swift; path = TestingViewController.swift; sourceTree = "<group>"; };
		2D0352B027FF6B84005B038E /* TestingViewModel.swift */ = {isa = PBXFileReference; fileEncoding = 4; lastKnownFileType = sourcecode.swift; path = TestingViewModel.swift; sourceTree = "<group>"; };
		2D0352B227FF6C58005B038E /* TestingOperators.swift */ = {isa = PBXFileReference; fileEncoding = 4; lastKnownFileType = sourcecode.swift; path = TestingOperators.swift; sourceTree = "<group>"; };
		2D0352B427FF6C5C005B038E /* TestingViewModel.swift */ = {isa = PBXFileReference; fileEncoding = 4; lastKnownFileType = sourcecode.swift; path = TestingViewModel.swift; sourceTree = "<group>"; };
		2D0352BB280468C7005B038E /* Podfile */ = {isa = PBXFileReference; fileEncoding = 4; lastKnownFileType = text; path = Podfile; sourceTree = "<group>"; };
		2D0352C02804698C005B038E /* GiphySearchResponse.swift */ = {isa = PBXFileReference; fileEncoding = 4; lastKnownFileType = sourcecode.swift; path = GiphySearchResponse.swift; sourceTree = "<group>"; };
		2D0352C12804698C005B038E /* GifMainTableViewController.swift */ = {isa = PBXFileReference; fileEncoding = 4; lastKnownFileType = sourcecode.swift; path = GifMainTableViewController.swift; sourceTree = "<group>"; };
		2D0352C72804698C005B038E /* GifApiController.swift */ = {isa = PBXFileReference; fileEncoding = 4; lastKnownFileType = sourcecode.swift; path = GifApiController.swift; sourceTree = "<group>"; };
		2D0352C82804698C005B038E /* URLSession+Rx.swift */ = {isa = PBXFileReference; fileEncoding = 4; lastKnownFileType = sourcecode.swift; path = "URLSession+Rx.swift"; sourceTree = "<group>"; };
		2D0352C92804698C005B038E /* GifTableViewCell.swift */ = {isa = PBXFileReference; fileEncoding = 4; lastKnownFileType = sourcecode.swift; path = GifTableViewCell.swift; sourceTree = "<group>"; };
		2D0352CB2804698C005B038E /* GiphyGif.swift */ = {isa = PBXFileReference; fileEncoding = 4; lastKnownFileType = sourcecode.swift; path = GiphyGif.swift; sourceTree = "<group>"; };
		2D0352DC28046A46005B038E /* iGif.storyboard */ = {isa = PBXFileReference; lastKnownFileType = file.storyboard; path = iGif.storyboard; sourceTree = "<group>"; };
		2D108CF4281706EA000A2A50 /* iGifTests.swift */ = {isa = PBXFileReference; fileEncoding = 4; lastKnownFileType = sourcecode.swift; path = iGifTests.swift; sourceTree = "<group>"; };
		2D11D36027E38AB100389ADC /* Combinestagram.storyboard */ = {isa = PBXFileReference; lastKnownFileType = file.storyboard; path = Combinestagram.storyboard; sourceTree = "<group>"; };
		2D11D36227E38B7800389ADC /* Chapter4VC.swift.swift */ = {isa = PBXFileReference; lastKnownFileType = sourcecode.swift; path = Chapter4VC.swift.swift; sourceTree = "<group>"; };
		2D11D36427E38BFF00389ADC /* UIImage+Collage.swift */ = {isa = PBXFileReference; fileEncoding = 4; lastKnownFileType = sourcecode.swift; path = "UIImage+Collage.swift"; sourceTree = "<group>"; };
		2D11D36627E38C1800389ADC /* PhotoWriter.swift */ = {isa = PBXFileReference; fileEncoding = 4; lastKnownFileType = sourcecode.swift; path = PhotoWriter.swift; sourceTree = "<group>"; };
		2D11D36827E38C2E00389ADC /* PhotosViewController.swift */ = {isa = PBXFileReference; fileEncoding = 4; lastKnownFileType = sourcecode.swift; path = PhotosViewController.swift; sourceTree = "<group>"; };
		2D11D36927E38C2E00389ADC /* PhotoCell.swift */ = {isa = PBXFileReference; fileEncoding = 4; lastKnownFileType = sourcecode.swift; path = PhotoCell.swift; sourceTree = "<group>"; };
		2D11D36C27E38C9100389ADC /* CombineinstagramAsset.xcassets */ = {isa = PBXFileReference; lastKnownFileType = folder.assetcatalog; path = CombineinstagramAsset.xcassets; sourceTree = "<group>"; };
		2D122DFB27E8DBD1003FE193 /* PHPhotoLibrary+Rx.swift.swift */ = {isa = PBXFileReference; lastKnownFileType = sourcecode.swift; path = "PHPhotoLibrary+Rx.swift.swift"; sourceTree = "<group>"; };
		2D122DFD27E913AF003FE193 /* UIViewController+RxAlert.swift */ = {isa = PBXFileReference; lastKnownFileType = sourcecode.swift; path = "UIViewController+RxAlert.swift"; sourceTree = "<group>"; };
		2D122E0027E9C2E0003FE193 /* Chapter7VC.swift */ = {isa = PBXFileReference; lastKnownFileType = sourcecode.swift; path = Chapter7VC.swift; sourceTree = "<group>"; };
		2D122E0327EB7907003FE193 /* ActivityController.swift */ = {isa = PBXFileReference; lastKnownFileType = sourcecode.swift; path = ActivityController.swift; sourceTree = "<group>"; };
		2D122E0527EB7B9A003FE193 /* Event.swift */ = {isa = PBXFileReference; lastKnownFileType = sourcecode.swift; path = Event.swift; sourceTree = "<group>"; };
		2D122E0827EB7C02003FE193 /* GitFeed.storyboard */ = {isa = PBXFileReference; lastKnownFileType = file.storyboard; path = GitFeed.storyboard; sourceTree = "<group>"; };
		2D2080D027F220460078EA29 /* Chapter11VC.swift */ = {isa = PBXFileReference; lastKnownFileType = sourcecode.swift; path = Chapter11VC.swift; sourceTree = "<group>"; };
		2D2080E427F223E20078EA29 /* TimelineViewBase.swift */ = {isa = PBXFileReference; fileEncoding = 4; lastKnownFileType = sourcecode.swift; path = TimelineViewBase.swift; sourceTree = "<group>"; };
		2D2080E527F223E30078EA29 /* Timer.swift */ = {isa = PBXFileReference; fileEncoding = 4; lastKnownFileType = sourcecode.swift; path = Timer.swift; sourceTree = "<group>"; };
		2D2080E627F223E30078EA29 /* StackView.swift */ = {isa = PBXFileReference; fileEncoding = 4; lastKnownFileType = sourcecode.swift; path = StackView.swift; sourceTree = "<group>"; };
		2D2080E727F223E30078EA29 /* Label.swift */ = {isa = PBXFileReference; fileEncoding = 4; lastKnownFileType = sourcecode.swift; path = Label.swift; sourceTree = "<group>"; };
		2D2080F027F37BC20078EA29 /* LICENSE */ = {isa = PBXFileReference; fileEncoding = 4; lastKnownFileType = text; path = LICENSE; sourceTree = "<group>"; };
		2D2080F127F37BC20078EA29 /* weather.ttf */ = {isa = PBXFileReference; lastKnownFileType = file; path = weather.ttf; sourceTree = "<group>"; };
		2D2080F527F37BC70078EA29 /* ApiController.swift */ = {isa = PBXFileReference; fileEncoding = 4; lastKnownFileType = sourcecode.swift; path = ApiController.swift; sourceTree = "<group>"; };
		2D2080F827F37BCC0078EA29 /* Colors.swift */ = {isa = PBXFileReference; fileEncoding = 4; lastKnownFileType = sourcecode.swift; path = Colors.swift; sourceTree = "<group>"; };
		2D2080F927F37BCC0078EA29 /* Appearance.swift */ = {isa = PBXFileReference; fileEncoding = 4; lastKnownFileType = sourcecode.swift; path = Appearance.swift; sourceTree = "<group>"; };
		2D2080FC27F37BE40078EA29 /* Wundercast.storyboard */ = {isa = PBXFileReference; lastKnownFileType = file.storyboard; path = Wundercast.storyboard; sourceTree = "<group>"; };
		2D2080FE27F37BFC0078EA29 /* WundercastVC.swift */ = {isa = PBXFileReference; lastKnownFileType = sourcecode.swift; path = WundercastVC.swift; sourceTree = "<group>"; };
		2D20810027F99EC20078EA29 /* CLLocationManager+Rx.swift */ = {isa = PBXFileReference; fileEncoding = 4; lastKnownFileType = sourcecode.swift; path = "CLLocationManager+Rx.swift"; sourceTree = "<group>"; };
		2D20810327F9C2680078EA29 /* MKMapView+Rx.swift */ = {isa = PBXFileReference; lastKnownFileType = sourcecode.swift; path = "MKMapView+Rx.swift"; sourceTree = "<group>"; };
		2D276E1D27E5D396001378CF /* Main.storyboard */ = {isa = PBXFileReference; fileEncoding = 4; lastKnownFileType = file.storyboard; path = Main.storyboard; sourceTree = "<group>"; };
		2D276E1F27E5D3A8001378CF /* Chapter5VC.swift */ = {isa = PBXFileReference; fileEncoding = 4; lastKnownFileType = sourcecode.swift; path = Chapter5VC.swift; sourceTree = "<group>"; };
		2D276E2127E72C25001378CF /* UIImage+Hash.swift */ = {isa = PBXFileReference; lastKnownFileType = sourcecode.swift; path = "UIImage+Hash.swift"; sourceTree = "<group>"; };
		2DBA199727ECA0EE00B3C4C9 /* Chapter9VC.swift */ = {isa = PBXFileReference; lastKnownFileType = sourcecode.swift; path = Chapter9VC.swift; sourceTree = "<group>"; };
		2DBA199A27ECDB7A00B3C4C9 /* EOLocation.swift */ = {isa = PBXFileReference; fileEncoding = 4; lastKnownFileType = sourcecode.swift; path = EOLocation.swift; sourceTree = "<group>"; };
		2DBA199B27ECDB7A00B3C4C9 /* EOError.swift */ = {isa = PBXFileReference; fileEncoding = 4; lastKnownFileType = sourcecode.swift; path = EOError.swift; sourceTree = "<group>"; };
		2DBA199C27ECDB7A00B3C4C9 /* EOEvent.swift */ = {isa = PBXFileReference; fileEncoding = 4; lastKnownFileType = sourcecode.swift; path = EOEvent.swift; sourceTree = "<group>"; };
		2DBA199D27ECDB7A00B3C4C9 /* EOCategory.swift */ = {isa = PBXFileReference; fileEncoding = 4; lastKnownFileType = sourcecode.swift; path = EOCategory.swift; sourceTree = "<group>"; };
		2DBA199E27ECDB7A00B3C4C9 /* EONET.swift */ = {isa = PBXFileReference; fileEncoding = 4; lastKnownFileType = sourcecode.swift; path = EONET.swift; sourceTree = "<group>"; };
		2DBA199F27ECDB7A00B3C4C9 /* EOEnvelope.swift */ = {isa = PBXFileReference; fileEncoding = 4; lastKnownFileType = sourcecode.swift; path = EOEnvelope.swift; sourceTree = "<group>"; };
		2DBA19A627ECDBAE00B3C4C9 /* OurPlanet.storyboard */ = {isa = PBXFileReference; lastKnownFileType = file.storyboard; path = OurPlanet.storyboard; sourceTree = "<group>"; };
		2DBA19A827ECDBED00B3C4C9 /* EventsViewController.swift */ = {isa = PBXFileReference; fileEncoding = 4; lastKnownFileType = sourcecode.swift; path = EventsViewController.swift; sourceTree = "<group>"; };
		2DBA19A927ECDBED00B3C4C9 /* EventCell.swift */ = {isa = PBXFileReference; fileEncoding = 4; lastKnownFileType = sourcecode.swift; path = EventCell.swift; sourceTree = "<group>"; };
		2DBA19AA27ECDBED00B3C4C9 /* CategoriesViewController.swift */ = {isa = PBXFileReference; fileEncoding = 4; lastKnownFileType = sourcecode.swift; path = CategoriesViewController.swift; sourceTree = "<group>"; };
		2DBA19AE27EF23B400B3C4C9 /* DownloadView.swift */ = {isa = PBXFileReference; fileEncoding = 4; lastKnownFileType = sourcecode.swift; path = DownloadView.swift; sourceTree = "<group>"; };
		2DD0922327E108F3000F56A3 /* Copyright.txt */ = {isa = PBXFileReference; fileEncoding = 4; lastKnownFileType = text; path = Copyright.txt; sourceTree = "<group>"; };
		2DD0922627E117D3000F56A3 /* MenuViewController.swift */ = {isa = PBXFileReference; lastKnownFileType = sourcecode.swift; path = MenuViewController.swift; sourceTree = "<group>"; };
		2DD0922927E118D1000F56A3 /* Chapter3VC.swift */ = {isa = PBXFileReference; lastKnownFileType = sourcecode.swift; path = Chapter3VC.swift; sourceTree = "<group>"; };
		2DD91CBB27DFB1CE007D0113 /* RxSwiftEducation.app */ = {isa = PBXFileReference; explicitFileType = wrapper.application; includeInIndex = 0; path = RxSwiftEducation.app; sourceTree = BUILT_PRODUCTS_DIR; };
		2DD91CBE27DFB1CE007D0113 /* AppDelegate.swift */ = {isa = PBXFileReference; lastKnownFileType = sourcecode.swift; path = AppDelegate.swift; sourceTree = "<group>"; };
		2DD91CC027DFB1CE007D0113 /* SceneDelegate.swift */ = {isa = PBXFileReference; lastKnownFileType = sourcecode.swift; path = SceneDelegate.swift; sourceTree = "<group>"; };
		2DD91CC227DFB1CE007D0113 /* Chapter2VC.swift */ = {isa = PBXFileReference; lastKnownFileType = sourcecode.swift; path = Chapter2VC.swift; sourceTree = "<group>"; };
		2DD91CC727DFB1D0007D0113 /* Assets.xcassets */ = {isa = PBXFileReference; lastKnownFileType = folder.assetcatalog; path = Assets.xcassets; sourceTree = "<group>"; };
		2DD91CCA27DFB1D0007D0113 /* Base */ = {isa = PBXFileReference; lastKnownFileType = file.storyboard; name = Base; path = Base.lproj/LaunchScreen.storyboard; sourceTree = "<group>"; };
		2DD91CCC27DFB1D0007D0113 /* Info.plist */ = {isa = PBXFileReference; lastKnownFileType = text.plist.xml; path = Info.plist; sourceTree = "<group>"; };
		2DD91CD127DFB1D0007D0113 /* RxSwiftEducationTests.xctest */ = {isa = PBXFileReference; explicitFileType = wrapper.cfbundle; includeInIndex = 0; path = RxSwiftEducationTests.xctest; sourceTree = BUILT_PRODUCTS_DIR; };
		2DD91CD527DFB1D0007D0113 /* RxSwiftEducationTests.swift */ = {isa = PBXFileReference; lastKnownFileType = sourcecode.swift; path = RxSwiftEducationTests.swift; sourceTree = "<group>"; };
		2DD91CDB27DFB1D0007D0113 /* RxSwiftEducationUITests.xctest */ = {isa = PBXFileReference; explicitFileType = wrapper.cfbundle; includeInIndex = 0; path = RxSwiftEducationUITests.xctest; sourceTree = BUILT_PRODUCTS_DIR; };
		2DD91CDF27DFB1D0007D0113 /* RxSwiftEducationUITests.swift */ = {isa = PBXFileReference; lastKnownFileType = sourcecode.swift; path = RxSwiftEducationUITests.swift; sourceTree = "<group>"; };
		2DD91CE127DFB1D0007D0113 /* RxSwiftEducationUITestsLaunchTests.swift */ = {isa = PBXFileReference; lastKnownFileType = sourcecode.swift; path = RxSwiftEducationUITestsLaunchTests.swift; sourceTree = "<group>"; };
		3936A879783B3C36EDBC3787 /* Pods-RxSwiftEducationTests.release.xcconfig */ = {isa = PBXFileReference; includeInIndex = 1; lastKnownFileType = text.xcconfig; name = "Pods-RxSwiftEducationTests.release.xcconfig"; path = "Target Support Files/Pods-RxSwiftEducationTests/Pods-RxSwiftEducationTests.release.xcconfig"; sourceTree = "<group>"; };
		4DC59511B92FB238DE8A3802 /* Pods-RxSwiftEducationTests.debug.xcconfig */ = {isa = PBXFileReference; includeInIndex = 1; lastKnownFileType = text.xcconfig; name = "Pods-RxSwiftEducationTests.debug.xcconfig"; path = "Target Support Files/Pods-RxSwiftEducationTests/Pods-RxSwiftEducationTests.debug.xcconfig"; sourceTree = "<group>"; };
		769FA437CCDC97614FF06922 /* Pods-RxSwiftEducation.debug.xcconfig */ = {isa = PBXFileReference; includeInIndex = 1; lastKnownFileType = text.xcconfig; name = "Pods-RxSwiftEducation.debug.xcconfig"; path = "Target Support Files/Pods-RxSwiftEducation/Pods-RxSwiftEducation.debug.xcconfig"; sourceTree = "<group>"; };
		7B740A03EF265C2CA18864CF /* Pods-RxSwiftEducation-RxSwiftEducationUITests.debug.xcconfig */ = {isa = PBXFileReference; includeInIndex = 1; lastKnownFileType = text.xcconfig; name = "Pods-RxSwiftEducation-RxSwiftEducationUITests.debug.xcconfig"; path = "Target Support Files/Pods-RxSwiftEducation-RxSwiftEducationUITests/Pods-RxSwiftEducation-RxSwiftEducationUITests.debug.xcconfig"; sourceTree = "<group>"; };
		D747A9CE60169AC968DFE4EF /* Pods_RxSwiftEducation_RxSwiftEducationUITests.framework */ = {isa = PBXFileReference; explicitFileType = wrapper.framework; includeInIndex = 0; path = Pods_RxSwiftEducation_RxSwiftEducationUITests.framework; sourceTree = BUILT_PRODUCTS_DIR; };
		F6398E2D522AEC1696238E43 /* Pods_RxSwiftEducationTests.framework */ = {isa = PBXFileReference; explicitFileType = wrapper.framework; includeInIndex = 0; path = Pods_RxSwiftEducationTests.framework; sourceTree = BUILT_PRODUCTS_DIR; };
/* End PBXFileReference section */

/* Begin PBXFrameworksBuildPhase section */
		2DD91CB827DFB1CE007D0113 /* Frameworks */ = {
			isa = PBXFrameworksBuildPhase;
			buildActionMask = 2147483647;
			files = (
				BA0F66E761D6CC41F8595248 /* Pods_RxSwiftEducation.framework in Frameworks */,
			);
			runOnlyForDeploymentPostprocessing = 0;
		};
		2DD91CCE27DFB1D0007D0113 /* Frameworks */ = {
			isa = PBXFrameworksBuildPhase;
			buildActionMask = 2147483647;
			files = (
				CF86F522546ABE65D82D4244 /* Pods_RxSwiftEducationTests.framework in Frameworks */,
			);
			runOnlyForDeploymentPostprocessing = 0;
		};
		2DD91CD827DFB1D0007D0113 /* Frameworks */ = {
			isa = PBXFrameworksBuildPhase;
			buildActionMask = 2147483647;
			files = (
				B450623EEC59A3C19F6930C4 /* Pods_RxSwiftEducation_RxSwiftEducationUITests.framework in Frameworks */,
			);
			runOnlyForDeploymentPostprocessing = 0;
		};
/* End PBXFrameworksBuildPhase section */

/* Begin PBXGroup section */
		2D03529E27FB2BD3005B038E /* InfoView */ = {
			isa = PBXGroup;
			children = (
				2D03529F27FB2BD3005B038E /* InfoView.swift */,
				2D0352A027FB2BD3005B038E /* InfoView.xib */,
			);
			path = InfoView;
			sourceTree = "<group>";
		};
		2D0352A927FDFA54005B038E /* Chapter15Schedulers */ = {
			isa = PBXGroup;
			children = (
				2D0352AA27FDFACB005B038E /* Chapter15VC.swift */,
			);
			path = Chapter15Schedulers;
			sourceTree = "<group>";
		};
		2D0352AD27FF6A4C005B038E /* Chapter16Testing */ = {
			isa = PBXGroup;
			children = (
				2D0352AE27FF6B80005B038E /* TestingViewController.swift */,
				2D0352B027FF6B84005B038E /* TestingViewModel.swift */,
			);
			path = Chapter16Testing;
			sourceTree = "<group>";
		};
		2D0352BD2804693B005B038E /* Chapter17CreatingCustomReactExt */ = {
			isa = PBXGroup;
			children = (
				2D0352BE2804696F005B038E /* iGif */,
			);
			path = Chapter17CreatingCustomReactExt;
			sourceTree = "<group>";
		};
		2D0352BE2804696F005B038E /* iGif */ = {
			isa = PBXGroup;
			children = (
				2D0352C12804698C005B038E /* GifMainTableViewController.swift */,
				2D0352DC28046A46005B038E /* iGif.storyboard */,
				2D0352DB280469FA005B038E /* Controller */,
				2D0352DA280469E1005B038E /* Model */,
				2D0352D9280469D9005B038E /* View */,
				2D0352D8280469CB005B038E /* Extension */,
			);
			path = iGif;
			sourceTree = "<group>";
		};
		2D0352D8280469CB005B038E /* Extension */ = {
			isa = PBXGroup;
			children = (
				2D0352C82804698C005B038E /* URLSession+Rx.swift */,
			);
			path = Extension;
			sourceTree = "<group>";
		};
		2D0352D9280469D9005B038E /* View */ = {
			isa = PBXGroup;
			children = (
				2D0352C92804698C005B038E /* GifTableViewCell.swift */,
			);
			path = View;
			sourceTree = "<group>";
		};
		2D0352DA280469E1005B038E /* Model */ = {
			isa = PBXGroup;
			children = (
				2D0352C02804698C005B038E /* GiphySearchResponse.swift */,
				2D0352CB2804698C005B038E /* GiphyGif.swift */,
			);
			path = Model;
			sourceTree = "<group>";
		};
		2D0352DB280469FA005B038E /* Controller */ = {
			isa = PBXGroup;
			children = (
				2D0352C72804698C005B038E /* GifApiController.swift */,
			);
			path = Controller;
			sourceTree = "<group>";
		};
		2D122DFF27E9C2B2003FE193 /* Chapter7(8)TransformingOper */ = {
			isa = PBXGroup;
			children = (
				2D122E0027E9C2E0003FE193 /* Chapter7VC.swift */,
				2D122E0827EB7C02003FE193 /* GitFeed.storyboard */,
				2D122E0527EB7B9A003FE193 /* Event.swift */,
				2D122E0327EB7907003FE193 /* ActivityController.swift */,
			);
			path = "Chapter7(8)TransformingOper";
			sourceTree = "<group>";
		};
		2D2080CF27F220240078EA29 /* Chapter11TimebasedOp */ = {
			isa = PBXGroup;
			children = (
				2D2080E127F223D80078EA29 /* support */,
				2D2080D027F220460078EA29 /* Chapter11VC.swift */,
			);
			path = Chapter11TimebasedOp;
			sourceTree = "<group>";
		};
		2D2080E127F223D80078EA29 /* support */ = {
			isa = PBXGroup;
			children = (
				2D2080E727F223E30078EA29 /* Label.swift */,
				2D2080E627F223E30078EA29 /* StackView.swift */,
				2D2080E427F223E20078EA29 /* TimelineViewBase.swift */,
				2D2080E527F223E30078EA29 /* Timer.swift */,
			);
			path = support;
			sourceTree = "<group>";
		};
		2D2080EE27F37B700078EA29 /* Chapter12(13)(14)RxCocoa */ = {
			isa = PBXGroup;
			children = (
				2D20810227F99ED10078EA29 /* Extensions */,
				2D2080F727F37BCC0078EA29 /* Utils */,
				2D2080F427F37BC70078EA29 /* Controllers */,
				2D2080EF27F37BC20078EA29 /* Assets */,
				2D2080FC27F37BE40078EA29 /* Wundercast.storyboard */,
				2D2080FE27F37BFC0078EA29 /* WundercastVC.swift */,
			);
			path = "Chapter12(13)(14)RxCocoa";
			sourceTree = "<group>";
		};
		2D2080EF27F37BC20078EA29 /* Assets */ = {
			isa = PBXGroup;
			children = (
				2D2080F027F37BC20078EA29 /* LICENSE */,
				2D2080F127F37BC20078EA29 /* weather.ttf */,
			);
			path = Assets;
			sourceTree = "<group>";
		};
		2D2080F427F37BC70078EA29 /* Controllers */ = {
			isa = PBXGroup;
			children = (
				2D2080F527F37BC70078EA29 /* ApiController.swift */,
			);
			path = Controllers;
			sourceTree = "<group>";
		};
		2D2080F727F37BCC0078EA29 /* Utils */ = {
			isa = PBXGroup;
			children = (
				2D03529E27FB2BD3005B038E /* InfoView */,
				2D2080F827F37BCC0078EA29 /* Colors.swift */,
				2D2080F927F37BCC0078EA29 /* Appearance.swift */,
			);
			path = Utils;
			sourceTree = "<group>";
		};
		2D20810227F99ED10078EA29 /* Extensions */ = {
			isa = PBXGroup;
			children = (
				2D20810027F99EC20078EA29 /* CLLocationManager+Rx.swift */,
				2D20810327F9C2680078EA29 /* MKMapView+Rx.swift */,
				2D0352A727FDF0E2005B038E /* RxReachability.swift */,
			);
			path = Extensions;
			sourceTree = "<group>";
		};
		2D276E1C27E5D358001378CF /* Chapter5FiltOperators */ = {
			isa = PBXGroup;
			children = (
				2D276E1F27E5D3A8001378CF /* Chapter5VC.swift */,
			);
			path = Chapter5FiltOperators;
			sourceTree = "<group>";
		};
		2D52578C27E2A853000B2B7C /* Chapter4(6)InPractice */ = {
			isa = PBXGroup;
			children = (
				2D11D36027E38AB100389ADC /* Combinestagram.storyboard */,
				2D11D36C27E38C9100389ADC /* CombineinstagramAsset.xcassets */,
				2D11D36427E38BFF00389ADC /* UIImage+Collage.swift */,
				2D11D36627E38C1800389ADC /* PhotoWriter.swift */,
				2D11D36927E38C2E00389ADC /* PhotoCell.swift */,
				2D11D36827E38C2E00389ADC /* PhotosViewController.swift */,
				2D11D36227E38B7800389ADC /* Chapter4VC.swift.swift */,
				2D122DFD27E913AF003FE193 /* UIViewController+RxAlert.swift */,
				2D276E2127E72C25001378CF /* UIImage+Hash.swift */,
				2D122DFB27E8DBD1003FE193 /* PHPhotoLibrary+Rx.swift.swift */,
			);
			path = "Chapter4(6)InPractice";
			sourceTree = "<group>";
		};
		2DBA199627ECA0C400B3C4C9 /* Chapter9(10)CombiningOperators */ = {
			isa = PBXGroup;
			children = (
				2DBA199727ECA0EE00B3C4C9 /* Chapter9VC.swift */,
				2DBA19A627ECDBAE00B3C4C9 /* OurPlanet.storyboard */,
				2DBA19AA27ECDBED00B3C4C9 /* CategoriesViewController.swift */,
				2DBA19A927ECDBED00B3C4C9 /* EventCell.swift */,
				2DBA19A827ECDBED00B3C4C9 /* EventsViewController.swift */,
				2DBA19AE27EF23B400B3C4C9 /* DownloadView.swift */,
				2DBA199927ECDB7A00B3C4C9 /* Model */,
			);
			path = "Chapter9(10)CombiningOperators";
			sourceTree = "<group>";
		};
		2DBA199927ECDB7A00B3C4C9 /* Model */ = {
			isa = PBXGroup;
			children = (
				2DBA199A27ECDB7A00B3C4C9 /* EOLocation.swift */,
				2DBA199B27ECDB7A00B3C4C9 /* EOError.swift */,
				2DBA199C27ECDB7A00B3C4C9 /* EOEvent.swift */,
				2DBA199D27ECDB7A00B3C4C9 /* EOCategory.swift */,
				2DBA199E27ECDB7A00B3C4C9 /* EONET.swift */,
				2DBA199F27ECDB7A00B3C4C9 /* EOEnvelope.swift */,
			);
			path = Model;
			sourceTree = "<group>";
		};
		2DD0922527E1177D000F56A3 /* Chapter2Observable */ = {
			isa = PBXGroup;
			children = (
				2DD0922327E108F3000F56A3 /* Copyright.txt */,
				2DD91CC227DFB1CE007D0113 /* Chapter2VC.swift */,
			);
			path = Chapter2Observable;
			sourceTree = "<group>";
		};
		2DD0922827E118B8000F56A3 /* Chapter3Subject */ = {
			isa = PBXGroup;
			children = (
				2DD0922927E118D1000F56A3 /* Chapter3VC.swift */,
			);
			path = Chapter3Subject;
			sourceTree = "<group>";
		};
		2DD91CB227DFB1CE007D0113 = {
			isa = PBXGroup;
			children = (
				2D0352BB280468C7005B038E /* Podfile */,
				2DD91CBD27DFB1CE007D0113 /* RxSwiftEducation */,
				2DD91CD427DFB1D0007D0113 /* RxSwiftEducationTests */,
				2DD91CDE27DFB1D0007D0113 /* RxSwiftEducationUITests */,
				2DD91CBC27DFB1CE007D0113 /* Products */,
				AAA64C7DBB11C5B704A6DBEB /* Pods */,
				83DBFC64560BB2E00F33B411 /* Frameworks */,
			);
			sourceTree = "<group>";
		};
		2DD91CBC27DFB1CE007D0113 /* Products */ = {
			isa = PBXGroup;
			children = (
				2DD91CBB27DFB1CE007D0113 /* RxSwiftEducation.app */,
				2DD91CD127DFB1D0007D0113 /* RxSwiftEducationTests.xctest */,
				2DD91CDB27DFB1D0007D0113 /* RxSwiftEducationUITests.xctest */,
			);
			name = Products;
			sourceTree = "<group>";
		};
		2DD91CBD27DFB1CE007D0113 /* RxSwiftEducation */ = {
			isa = PBXGroup;
			children = (
				2DD91CBE27DFB1CE007D0113 /* AppDelegate.swift */,
				2DD91CC027DFB1CE007D0113 /* SceneDelegate.swift */,
				2DD0922627E117D3000F56A3 /* MenuViewController.swift */,
				2DD0922527E1177D000F56A3 /* Chapter2Observable */,
				2DD0922827E118B8000F56A3 /* Chapter3Subject */,
				2D52578C27E2A853000B2B7C /* Chapter4(6)InPractice */,
				2D276E1C27E5D358001378CF /* Chapter5FiltOperators */,
				2D122DFF27E9C2B2003FE193 /* Chapter7(8)TransformingOper */,
				2DBA199627ECA0C400B3C4C9 /* Chapter9(10)CombiningOperators */,
				2D2080CF27F220240078EA29 /* Chapter11TimebasedOp */,
				2D2080EE27F37B700078EA29 /* Chapter12(13)(14)RxCocoa */,
				2D0352A927FDFA54005B038E /* Chapter15Schedulers */,
				2D0352AD27FF6A4C005B038E /* Chapter16Testing */,
				2D0352BD2804693B005B038E /* Chapter17CreatingCustomReactExt */,
				2D276E1D27E5D396001378CF /* Main.storyboard */,
				2DD91CC727DFB1D0007D0113 /* Assets.xcassets */,
				2DD91CC927DFB1D0007D0113 /* LaunchScreen.storyboard */,
				2DD91CCC27DFB1D0007D0113 /* Info.plist */,
			);
			path = RxSwiftEducation;
			sourceTree = "<group>";
		};
		2DD91CD427DFB1D0007D0113 /* RxSwiftEducationTests */ = {
			isa = PBXGroup;
			children = (
				2D108CF4281706EA000A2A50 /* iGifTests.swift */,
				2D0352B227FF6C58005B038E /* TestingOperators.swift */,
				2D0352B427FF6C5C005B038E /* TestingViewModel.swift */,
				2DD91CD527DFB1D0007D0113 /* RxSwiftEducationTests.swift */,
			);
			path = RxSwiftEducationTests;
			sourceTree = "<group>";
		};
		2DD91CDE27DFB1D0007D0113 /* RxSwiftEducationUITests */ = {
			isa = PBXGroup;
			children = (
				2DD91CDF27DFB1D0007D0113 /* RxSwiftEducationUITests.swift */,
				2DD91CE127DFB1D0007D0113 /* RxSwiftEducationUITestsLaunchTests.swift */,
			);
			path = RxSwiftEducationUITests;
			sourceTree = "<group>";
		};
		83DBFC64560BB2E00F33B411 /* Frameworks */ = {
			isa = PBXGroup;
			children = (
				224D8355CB38B30C1E3F01AF /* Pods_RxSwiftEducation.framework */,
				D747A9CE60169AC968DFE4EF /* Pods_RxSwiftEducation_RxSwiftEducationUITests.framework */,
				F6398E2D522AEC1696238E43 /* Pods_RxSwiftEducationTests.framework */,
			);
			name = Frameworks;
			sourceTree = "<group>";
		};
		AAA64C7DBB11C5B704A6DBEB /* Pods */ = {
			isa = PBXGroup;
			children = (
				769FA437CCDC97614FF06922 /* Pods-RxSwiftEducation.debug.xcconfig */,
				14DD3A5C8E6BD563DD1E6841 /* Pods-RxSwiftEducation.release.xcconfig */,
				7B740A03EF265C2CA18864CF /* Pods-RxSwiftEducation-RxSwiftEducationUITests.debug.xcconfig */,
				196CAAA6104F6E4E41CEF8D5 /* Pods-RxSwiftEducation-RxSwiftEducationUITests.release.xcconfig */,
				4DC59511B92FB238DE8A3802 /* Pods-RxSwiftEducationTests.debug.xcconfig */,
				3936A879783B3C36EDBC3787 /* Pods-RxSwiftEducationTests.release.xcconfig */,
			);
			path = Pods;
			sourceTree = "<group>";
		};
/* End PBXGroup section */

/* Begin PBXNativeTarget section */
		2DD91CBA27DFB1CE007D0113 /* RxSwiftEducation */ = {
			isa = PBXNativeTarget;
			buildConfigurationList = 2DD91CE527DFB1D0007D0113 /* Build configuration list for PBXNativeTarget "RxSwiftEducation" */;
			buildPhases = (
				D753F1EE89CA1CDCB0D00D2E /* [CP] Check Pods Manifest.lock */,
				2DD91CB727DFB1CE007D0113 /* Sources */,
				2DD91CB827DFB1CE007D0113 /* Frameworks */,
				2DD91CB927DFB1CE007D0113 /* Resources */,
				11D7F855197C4EFD31915D6D /* [CP] Embed Pods Frameworks */,
			);
			buildRules = (
			);
			dependencies = (
			);
			name = RxSwiftEducation;
			productName = RxSwiftEducation;
			productReference = 2DD91CBB27DFB1CE007D0113 /* RxSwiftEducation.app */;
			productType = "com.apple.product-type.application";
		};
		2DD91CD027DFB1D0007D0113 /* RxSwiftEducationTests */ = {
			isa = PBXNativeTarget;
			buildConfigurationList = 2DD91CE827DFB1D0007D0113 /* Build configuration list for PBXNativeTarget "RxSwiftEducationTests" */;
			buildPhases = (
				527E2677FF7870C64201D433 /* [CP] Check Pods Manifest.lock */,
				2DD91CCD27DFB1D0007D0113 /* Sources */,
				2DD91CCE27DFB1D0007D0113 /* Frameworks */,
				2DD91CCF27DFB1D0007D0113 /* Resources */,
				2AE0510BE010FCA4024CD4B4 /* [CP] Embed Pods Frameworks */,
			);
			buildRules = (
			);
			dependencies = (
				2DD91CD327DFB1D0007D0113 /* PBXTargetDependency */,
			);
			name = RxSwiftEducationTests;
			productName = RxSwiftEducationTests;
			productReference = 2DD91CD127DFB1D0007D0113 /* RxSwiftEducationTests.xctest */;
			productType = "com.apple.product-type.bundle.unit-test";
		};
		2DD91CDA27DFB1D0007D0113 /* RxSwiftEducationUITests */ = {
			isa = PBXNativeTarget;
			buildConfigurationList = 2DD91CEB27DFB1D0007D0113 /* Build configuration list for PBXNativeTarget "RxSwiftEducationUITests" */;
			buildPhases = (
				93B3BFCF104FBB85480B820C /* [CP] Check Pods Manifest.lock */,
				2DD91CD727DFB1D0007D0113 /* Sources */,
				2DD91CD827DFB1D0007D0113 /* Frameworks */,
				2DD91CD927DFB1D0007D0113 /* Resources */,
				3756CD0CE964D8CA03B1662C /* [CP] Embed Pods Frameworks */,
			);
			buildRules = (
			);
			dependencies = (
				2DD91CDD27DFB1D0007D0113 /* PBXTargetDependency */,
			);
			name = RxSwiftEducationUITests;
			productName = RxSwiftEducationUITests;
			productReference = 2DD91CDB27DFB1D0007D0113 /* RxSwiftEducationUITests.xctest */;
			productType = "com.apple.product-type.bundle.ui-testing";
		};
/* End PBXNativeTarget section */

/* Begin PBXProject section */
		2DD91CB327DFB1CE007D0113 /* Project object */ = {
			isa = PBXProject;
			attributes = {
				BuildIndependentTargetsInParallel = 1;
				LastSwiftUpdateCheck = 1320;
				LastUpgradeCheck = 1320;
				TargetAttributes = {
					2DD91CBA27DFB1CE007D0113 = {
						CreatedOnToolsVersion = 13.2;
					};
					2DD91CD027DFB1D0007D0113 = {
						CreatedOnToolsVersion = 13.2;
						TestTargetID = 2DD91CBA27DFB1CE007D0113;
					};
					2DD91CDA27DFB1D0007D0113 = {
						CreatedOnToolsVersion = 13.2;
						TestTargetID = 2DD91CBA27DFB1CE007D0113;
					};
				};
			};
			buildConfigurationList = 2DD91CB627DFB1CE007D0113 /* Build configuration list for PBXProject "RxSwiftEducation" */;
			compatibilityVersion = "Xcode 13.0";
			developmentRegion = en;
			hasScannedForEncodings = 0;
			knownRegions = (
				en,
				Base,
			);
			mainGroup = 2DD91CB227DFB1CE007D0113;
			productRefGroup = 2DD91CBC27DFB1CE007D0113 /* Products */;
			projectDirPath = "";
			projectRoot = "";
			targets = (
				2DD91CBA27DFB1CE007D0113 /* RxSwiftEducation */,
				2DD91CD027DFB1D0007D0113 /* RxSwiftEducationTests */,
				2DD91CDA27DFB1D0007D0113 /* RxSwiftEducationUITests */,
			);
		};
/* End PBXProject section */

/* Begin PBXResourcesBuildPhase section */
		2DD91CB927DFB1CE007D0113 /* Resources */ = {
			isa = PBXResourcesBuildPhase;
			buildActionMask = 2147483647;
			files = (
				2D0352A427FB2BD3005B038E /* InfoView.xib in Resources */,
				2D276E1E27E5D396001378CF /* Main.storyboard in Resources */,
				2DD0922427E108F3000F56A3 /* Copyright.txt in Resources */,
				2DD91CCB27DFB1D0007D0113 /* LaunchScreen.storyboard in Resources */,
				2D2080FD27F37BE40078EA29 /* Wundercast.storyboard in Resources */,
				2D0352DD28046A46005B038E /* iGif.storyboard in Resources */,
				2D2080F327F37BC20078EA29 /* weather.ttf in Resources */,
				2D122E0927EB7C02003FE193 /* GitFeed.storyboard in Resources */,
				2DD91CC827DFB1D0007D0113 /* Assets.xcassets in Resources */,
				2DBA19A727ECDBAE00B3C4C9 /* OurPlanet.storyboard in Resources */,
				2D0352BC280468C7005B038E /* Podfile in Resources */,
				2D2080F227F37BC20078EA29 /* LICENSE in Resources */,
				2D11D36127E38AB100389ADC /* Combinestagram.storyboard in Resources */,
				2D11D36D27E38C9100389ADC /* CombineinstagramAsset.xcassets in Resources */,
			);
			runOnlyForDeploymentPostprocessing = 0;
		};
		2DD91CCF27DFB1D0007D0113 /* Resources */ = {
			isa = PBXResourcesBuildPhase;
			buildActionMask = 2147483647;
			files = (
			);
			runOnlyForDeploymentPostprocessing = 0;
		};
		2DD91CD927DFB1D0007D0113 /* Resources */ = {
			isa = PBXResourcesBuildPhase;
			buildActionMask = 2147483647;
			files = (
			);
			runOnlyForDeploymentPostprocessing = 0;
		};
/* End PBXResourcesBuildPhase section */

/* Begin PBXShellScriptBuildPhase section */
		11D7F855197C4EFD31915D6D /* [CP] Embed Pods Frameworks */ = {
			isa = PBXShellScriptBuildPhase;
			buildActionMask = 2147483647;
			files = (
			);
			inputFileListPaths = (
				"${PODS_ROOT}/Target Support Files/Pods-RxSwiftEducation/Pods-RxSwiftEducation-frameworks-${CONFIGURATION}-input-files.xcfilelist",
			);
			name = "[CP] Embed Pods Frameworks";
			outputFileListPaths = (
				"${PODS_ROOT}/Target Support Files/Pods-RxSwiftEducation/Pods-RxSwiftEducation-frameworks-${CONFIGURATION}-output-files.xcfilelist",
			);
			runOnlyForDeploymentPostprocessing = 0;
			shellPath = /bin/sh;
			shellScript = "\"${PODS_ROOT}/Target Support Files/Pods-RxSwiftEducation/Pods-RxSwiftEducation-frameworks.sh\"\n";
			showEnvVarsInLog = 0;
		};
		2AE0510BE010FCA4024CD4B4 /* [CP] Embed Pods Frameworks */ = {
			isa = PBXShellScriptBuildPhase;
			buildActionMask = 2147483647;
			files = (
			);
			inputFileListPaths = (
				"${PODS_ROOT}/Target Support Files/Pods-RxSwiftEducationTests/Pods-RxSwiftEducationTests-frameworks-${CONFIGURATION}-input-files.xcfilelist",
			);
			name = "[CP] Embed Pods Frameworks";
			outputFileListPaths = (
				"${PODS_ROOT}/Target Support Files/Pods-RxSwiftEducationTests/Pods-RxSwiftEducationTests-frameworks-${CONFIGURATION}-output-files.xcfilelist",
			);
			runOnlyForDeploymentPostprocessing = 0;
			shellPath = /bin/sh;
			shellScript = "\"${PODS_ROOT}/Target Support Files/Pods-RxSwiftEducationTests/Pods-RxSwiftEducationTests-frameworks.sh\"\n";
			showEnvVarsInLog = 0;
		};
		3756CD0CE964D8CA03B1662C /* [CP] Embed Pods Frameworks */ = {
			isa = PBXShellScriptBuildPhase;
			buildActionMask = 2147483647;
			files = (
			);
			inputFileListPaths = (
				"${PODS_ROOT}/Target Support Files/Pods-RxSwiftEducation-RxSwiftEducationUITests/Pods-RxSwiftEducation-RxSwiftEducationUITests-frameworks-${CONFIGURATION}-input-files.xcfilelist",
			);
			name = "[CP] Embed Pods Frameworks";
			outputFileListPaths = (
				"${PODS_ROOT}/Target Support Files/Pods-RxSwiftEducation-RxSwiftEducationUITests/Pods-RxSwiftEducation-RxSwiftEducationUITests-frameworks-${CONFIGURATION}-output-files.xcfilelist",
			);
			runOnlyForDeploymentPostprocessing = 0;
			shellPath = /bin/sh;
			shellScript = "\"${PODS_ROOT}/Target Support Files/Pods-RxSwiftEducation-RxSwiftEducationUITests/Pods-RxSwiftEducation-RxSwiftEducationUITests-frameworks.sh\"\n";
			showEnvVarsInLog = 0;
		};
		527E2677FF7870C64201D433 /* [CP] Check Pods Manifest.lock */ = {
			isa = PBXShellScriptBuildPhase;
			buildActionMask = 2147483647;
			files = (
			);
			inputFileListPaths = (
			);
			inputPaths = (
				"${PODS_PODFILE_DIR_PATH}/Podfile.lock",
				"${PODS_ROOT}/Manifest.lock",
			);
			name = "[CP] Check Pods Manifest.lock";
			outputFileListPaths = (
			);
			outputPaths = (
				"$(DERIVED_FILE_DIR)/Pods-RxSwiftEducationTests-checkManifestLockResult.txt",
			);
			runOnlyForDeploymentPostprocessing = 0;
			shellPath = /bin/sh;
			shellScript = "diff \"${PODS_PODFILE_DIR_PATH}/Podfile.lock\" \"${PODS_ROOT}/Manifest.lock\" > /dev/null\nif [ $? != 0 ] ; then\n    # print error to STDERR\n    echo \"error: The sandbox is not in sync with the Podfile.lock. Run 'pod install' or update your CocoaPods installation.\" >&2\n    exit 1\nfi\n# This output is used by Xcode 'outputs' to avoid re-running this script phase.\necho \"SUCCESS\" > \"${SCRIPT_OUTPUT_FILE_0}\"\n";
			showEnvVarsInLog = 0;
		};
		93B3BFCF104FBB85480B820C /* [CP] Check Pods Manifest.lock */ = {
			isa = PBXShellScriptBuildPhase;
			buildActionMask = 2147483647;
			files = (
			);
			inputFileListPaths = (
			);
			inputPaths = (
				"${PODS_PODFILE_DIR_PATH}/Podfile.lock",
				"${PODS_ROOT}/Manifest.lock",
			);
			name = "[CP] Check Pods Manifest.lock";
			outputFileListPaths = (
			);
			outputPaths = (
				"$(DERIVED_FILE_DIR)/Pods-RxSwiftEducation-RxSwiftEducationUITests-checkManifestLockResult.txt",
			);
			runOnlyForDeploymentPostprocessing = 0;
			shellPath = /bin/sh;
			shellScript = "diff \"${PODS_PODFILE_DIR_PATH}/Podfile.lock\" \"${PODS_ROOT}/Manifest.lock\" > /dev/null\nif [ $? != 0 ] ; then\n    # print error to STDERR\n    echo \"error: The sandbox is not in sync with the Podfile.lock. Run 'pod install' or update your CocoaPods installation.\" >&2\n    exit 1\nfi\n# This output is used by Xcode 'outputs' to avoid re-running this script phase.\necho \"SUCCESS\" > \"${SCRIPT_OUTPUT_FILE_0}\"\n";
			showEnvVarsInLog = 0;
		};
		D753F1EE89CA1CDCB0D00D2E /* [CP] Check Pods Manifest.lock */ = {
			isa = PBXShellScriptBuildPhase;
			buildActionMask = 2147483647;
			files = (
			);
			inputFileListPaths = (
			);
			inputPaths = (
				"${PODS_PODFILE_DIR_PATH}/Podfile.lock",
				"${PODS_ROOT}/Manifest.lock",
			);
			name = "[CP] Check Pods Manifest.lock";
			outputFileListPaths = (
			);
			outputPaths = (
				"$(DERIVED_FILE_DIR)/Pods-RxSwiftEducation-checkManifestLockResult.txt",
			);
			runOnlyForDeploymentPostprocessing = 0;
			shellPath = /bin/sh;
			shellScript = "diff \"${PODS_PODFILE_DIR_PATH}/Podfile.lock\" \"${PODS_ROOT}/Manifest.lock\" > /dev/null\nif [ $? != 0 ] ; then\n    # print error to STDERR\n    echo \"error: The sandbox is not in sync with the Podfile.lock. Run 'pod install' or update your CocoaPods installation.\" >&2\n    exit 1\nfi\n# This output is used by Xcode 'outputs' to avoid re-running this script phase.\necho \"SUCCESS\" > \"${SCRIPT_OUTPUT_FILE_0}\"\n";
			showEnvVarsInLog = 0;
		};
/* End PBXShellScriptBuildPhase section */

/* Begin PBXSourcesBuildPhase section */
		2DD91CB727DFB1CE007D0113 /* Sources */ = {
			isa = PBXSourcesBuildPhase;
			buildActionMask = 2147483647;
			files = (
				2DBA19A027ECDB7A00B3C4C9 /* EOLocation.swift in Sources */,
				2D0352AF27FF6B80005B038E /* TestingViewController.swift in Sources */,
				2D11D36A27E38C2E00389ADC /* PhotosViewController.swift in Sources */,
				2D2080FF27F37BFC0078EA29 /* WundercastVC.swift in Sources */,
				2D0352CE2804698C005B038E /* GifMainTableViewController.swift in Sources */,
				2D122DFC27E8DBD1003FE193 /* PHPhotoLibrary+Rx.swift.swift in Sources */,
				2D20810427F9C2690078EA29 /* MKMapView+Rx.swift in Sources */,
				2DD91CC327DFB1CE007D0113 /* Chapter2VC.swift in Sources */,
				2DBA19AF27EF23B500B3C4C9 /* DownloadView.swift in Sources */,
				2D0352D22804698C005B038E /* GifApiController.swift in Sources */,
				2D0352D42804698C005B038E /* GifTableViewCell.swift in Sources */,
				2D122E0427EB7907003FE193 /* ActivityController.swift in Sources */,
				2D0352A327FB2BD3005B038E /* InfoView.swift in Sources */,
				2DBA19A527ECDB7A00B3C4C9 /* EOEnvelope.swift in Sources */,
				2DBA199827ECA0EE00B3C4C9 /* Chapter9VC.swift in Sources */,
				2D2080EB27F223E30078EA29 /* Timer.swift in Sources */,
				2D11D36527E38BFF00389ADC /* UIImage+Collage.swift in Sources */,
				2D0352B127FF6B84005B038E /* TestingViewModel.swift in Sources */,
				2DD0922A27E118D1000F56A3 /* Chapter3VC.swift in Sources */,
				2D2080EC27F223E30078EA29 /* StackView.swift in Sources */,
				2D20810127F99EC20078EA29 /* CLLocationManager+Rx.swift in Sources */,
				2DBA19AB27ECDBED00B3C4C9 /* EventsViewController.swift in Sources */,
				2D11D36727E38C1900389ADC /* PhotoWriter.swift in Sources */,
				2DBA19AD27ECDBED00B3C4C9 /* CategoriesViewController.swift in Sources */,
				2D0352CD2804698C005B038E /* GiphySearchResponse.swift in Sources */,
				2D122E0127E9C2E0003FE193 /* Chapter7VC.swift in Sources */,
				2DBA19A127ECDB7A00B3C4C9 /* EOError.swift in Sources */,
				2D122E0627EB7B9A003FE193 /* Event.swift in Sources */,
				2DBA19A227ECDB7A00B3C4C9 /* EOEvent.swift in Sources */,
				2D2080FB27F37BCC0078EA29 /* Appearance.swift in Sources */,
				2D0352AB27FDFACB005B038E /* Chapter15VC.swift in Sources */,
				2D11D36327E38B7800389ADC /* Chapter4VC.swift.swift in Sources */,
				2D11D36B27E38C2E00389ADC /* PhotoCell.swift in Sources */,
				2DD91CBF27DFB1CE007D0113 /* AppDelegate.swift in Sources */,
				2D122DFE27E913AF003FE193 /* UIViewController+RxAlert.swift in Sources */,
				2DD91CC127DFB1CE007D0113 /* SceneDelegate.swift in Sources */,
				2DBA19AC27ECDBED00B3C4C9 /* EventCell.swift in Sources */,
				2D0352A827FDF0E2005B038E /* RxReachability.swift in Sources */,
				2D276E2227E72C25001378CF /* UIImage+Hash.swift in Sources */,
				2DBA19A327ECDB7A00B3C4C9 /* EOCategory.swift in Sources */,
				2D2080D127F220460078EA29 /* Chapter11VC.swift in Sources */,
				2D2080F627F37BC70078EA29 /* ApiController.swift in Sources */,
				2DD0922727E117D3000F56A3 /* MenuViewController.swift in Sources */,
				2D0352D32804698C005B038E /* URLSession+Rx.swift in Sources */,
				2D276E2027E5D3A8001378CF /* Chapter5VC.swift in Sources */,
				2D2080FA27F37BCC0078EA29 /* Colors.swift in Sources */,
				2D2080EA27F223E30078EA29 /* TimelineViewBase.swift in Sources */,
				2D0352D62804698C005B038E /* GiphyGif.swift in Sources */,
				2D2080ED27F223E30078EA29 /* Label.swift in Sources */,
				2DBA19A427ECDB7A00B3C4C9 /* EONET.swift in Sources */,
			);
			runOnlyForDeploymentPostprocessing = 0;
		};
		2DD91CCD27DFB1D0007D0113 /* Sources */ = {
			isa = PBXSourcesBuildPhase;
			buildActionMask = 2147483647;
			files = (
				2D108CF5281706EA000A2A50 /* iGifTests.swift in Sources */,
				2D0352B527FF6C5C005B038E /* TestingViewModel.swift in Sources */,
				2D0352B327FF6C58005B038E /* TestingOperators.swift in Sources */,
				2DD91CD627DFB1D0007D0113 /* RxSwiftEducationTests.swift in Sources */,
			);
			runOnlyForDeploymentPostprocessing = 0;
		};
		2DD91CD727DFB1D0007D0113 /* Sources */ = {
			isa = PBXSourcesBuildPhase;
			buildActionMask = 2147483647;
			files = (
				2DD91CE027DFB1D0007D0113 /* RxSwiftEducationUITests.swift in Sources */,
				2DD91CE227DFB1D0007D0113 /* RxSwiftEducationUITestsLaunchTests.swift in Sources */,
			);
			runOnlyForDeploymentPostprocessing = 0;
		};
/* End PBXSourcesBuildPhase section */

/* Begin PBXTargetDependency section */
		2DD91CD327DFB1D0007D0113 /* PBXTargetDependency */ = {
			isa = PBXTargetDependency;
			target = 2DD91CBA27DFB1CE007D0113 /* RxSwiftEducation */;
			targetProxy = 2DD91CD227DFB1D0007D0113 /* PBXContainerItemProxy */;
		};
		2DD91CDD27DFB1D0007D0113 /* PBXTargetDependency */ = {
			isa = PBXTargetDependency;
			target = 2DD91CBA27DFB1CE007D0113 /* RxSwiftEducation */;
			targetProxy = 2DD91CDC27DFB1D0007D0113 /* PBXContainerItemProxy */;
		};
/* End PBXTargetDependency section */

/* Begin PBXVariantGroup section */
		2DD91CC927DFB1D0007D0113 /* LaunchScreen.storyboard */ = {
			isa = PBXVariantGroup;
			children = (
				2DD91CCA27DFB1D0007D0113 /* Base */,
			);
			name = LaunchScreen.storyboard;
			sourceTree = "<group>";
		};
/* End PBXVariantGroup section */

/* Begin XCBuildConfiguration section */
		2DD91CE327DFB1D0007D0113 /* Debug */ = {
			isa = XCBuildConfiguration;
			buildSettings = {
				ALWAYS_EMBED_SWIFT_STANDARD_LIBRARIES = "$(inherited)";
				ALWAYS_SEARCH_USER_PATHS = NO;
				CLANG_ANALYZER_NONNULL = YES;
				CLANG_ANALYZER_NUMBER_OBJECT_CONVERSION = YES_AGGRESSIVE;
				CLANG_CXX_LANGUAGE_STANDARD = "gnu++17";
				CLANG_CXX_LIBRARY = "libc++";
				CLANG_ENABLE_MODULES = YES;
				CLANG_ENABLE_OBJC_ARC = YES;
				CLANG_ENABLE_OBJC_WEAK = YES;
				CLANG_WARN_BLOCK_CAPTURE_AUTORELEASING = YES;
				CLANG_WARN_BOOL_CONVERSION = YES;
				CLANG_WARN_COMMA = YES;
				CLANG_WARN_CONSTANT_CONVERSION = YES;
				CLANG_WARN_DEPRECATED_OBJC_IMPLEMENTATIONS = YES;
				CLANG_WARN_DIRECT_OBJC_ISA_USAGE = YES_ERROR;
				CLANG_WARN_DOCUMENTATION_COMMENTS = YES;
				CLANG_WARN_EMPTY_BODY = YES;
				CLANG_WARN_ENUM_CONVERSION = YES;
				CLANG_WARN_INFINITE_RECURSION = YES;
				CLANG_WARN_INT_CONVERSION = YES;
				CLANG_WARN_NON_LITERAL_NULL_CONVERSION = YES;
				CLANG_WARN_OBJC_IMPLICIT_RETAIN_SELF = YES;
				CLANG_WARN_OBJC_LITERAL_CONVERSION = YES;
				CLANG_WARN_OBJC_ROOT_CLASS = YES_ERROR;
				CLANG_WARN_QUOTED_INCLUDE_IN_FRAMEWORK_HEADER = YES;
				CLANG_WARN_RANGE_LOOP_ANALYSIS = YES;
				CLANG_WARN_STRICT_PROTOTYPES = YES;
				CLANG_WARN_SUSPICIOUS_MOVE = YES;
				CLANG_WARN_UNGUARDED_AVAILABILITY = YES_AGGRESSIVE;
				CLANG_WARN_UNREACHABLE_CODE = YES;
				CLANG_WARN__DUPLICATE_METHOD_MATCH = YES;
				COPY_PHASE_STRIP = NO;
				DEBUG_INFORMATION_FORMAT = dwarf;
				ENABLE_STRICT_OBJC_MSGSEND = YES;
				ENABLE_TESTABILITY = YES;
				GCC_C_LANGUAGE_STANDARD = gnu11;
				GCC_DYNAMIC_NO_PIC = NO;
				GCC_NO_COMMON_BLOCKS = YES;
				GCC_OPTIMIZATION_LEVEL = 0;
				GCC_PREPROCESSOR_DEFINITIONS = (
					"DEBUG=1",
					"$(inherited)",
				);
				GCC_WARN_64_TO_32_BIT_CONVERSION = YES;
				GCC_WARN_ABOUT_RETURN_TYPE = YES_ERROR;
				GCC_WARN_UNDECLARED_SELECTOR = YES;
				GCC_WARN_UNINITIALIZED_AUTOS = YES_AGGRESSIVE;
				GCC_WARN_UNUSED_FUNCTION = YES;
				GCC_WARN_UNUSED_VARIABLE = YES;
				IPHONEOS_DEPLOYMENT_TARGET = 15.2;
				MTL_ENABLE_DEBUG_INFO = INCLUDE_SOURCE;
				MTL_FAST_MATH = YES;
				ONLY_ACTIVE_ARCH = YES;
				SDKROOT = iphoneos;
				SWIFT_ACTIVE_COMPILATION_CONDITIONS = DEBUG;
				SWIFT_OPTIMIZATION_LEVEL = "-Onone";
			};
			name = Debug;
		};
		2DD91CE427DFB1D0007D0113 /* Release */ = {
			isa = XCBuildConfiguration;
			buildSettings = {
				ALWAYS_EMBED_SWIFT_STANDARD_LIBRARIES = "$(inherited)";
				ALWAYS_SEARCH_USER_PATHS = NO;
				CLANG_ANALYZER_NONNULL = YES;
				CLANG_ANALYZER_NUMBER_OBJECT_CONVERSION = YES_AGGRESSIVE;
				CLANG_CXX_LANGUAGE_STANDARD = "gnu++17";
				CLANG_CXX_LIBRARY = "libc++";
				CLANG_ENABLE_MODULES = YES;
				CLANG_ENABLE_OBJC_ARC = YES;
				CLANG_ENABLE_OBJC_WEAK = YES;
				CLANG_WARN_BLOCK_CAPTURE_AUTORELEASING = YES;
				CLANG_WARN_BOOL_CONVERSION = YES;
				CLANG_WARN_COMMA = YES;
				CLANG_WARN_CONSTANT_CONVERSION = YES;
				CLANG_WARN_DEPRECATED_OBJC_IMPLEMENTATIONS = YES;
				CLANG_WARN_DIRECT_OBJC_ISA_USAGE = YES_ERROR;
				CLANG_WARN_DOCUMENTATION_COMMENTS = YES;
				CLANG_WARN_EMPTY_BODY = YES;
				CLANG_WARN_ENUM_CONVERSION = YES;
				CLANG_WARN_INFINITE_RECURSION = YES;
				CLANG_WARN_INT_CONVERSION = YES;
				CLANG_WARN_NON_LITERAL_NULL_CONVERSION = YES;
				CLANG_WARN_OBJC_IMPLICIT_RETAIN_SELF = YES;
				CLANG_WARN_OBJC_LITERAL_CONVERSION = YES;
				CLANG_WARN_OBJC_ROOT_CLASS = YES_ERROR;
				CLANG_WARN_QUOTED_INCLUDE_IN_FRAMEWORK_HEADER = YES;
				CLANG_WARN_RANGE_LOOP_ANALYSIS = YES;
				CLANG_WARN_STRICT_PROTOTYPES = YES;
				CLANG_WARN_SUSPICIOUS_MOVE = YES;
				CLANG_WARN_UNGUARDED_AVAILABILITY = YES_AGGRESSIVE;
				CLANG_WARN_UNREACHABLE_CODE = YES;
				CLANG_WARN__DUPLICATE_METHOD_MATCH = YES;
				COPY_PHASE_STRIP = NO;
				DEBUG_INFORMATION_FORMAT = "dwarf-with-dsym";
				ENABLE_NS_ASSERTIONS = NO;
				ENABLE_STRICT_OBJC_MSGSEND = YES;
				GCC_C_LANGUAGE_STANDARD = gnu11;
				GCC_NO_COMMON_BLOCKS = YES;
				GCC_WARN_64_TO_32_BIT_CONVERSION = YES;
				GCC_WARN_ABOUT_RETURN_TYPE = YES_ERROR;
				GCC_WARN_UNDECLARED_SELECTOR = YES;
				GCC_WARN_UNINITIALIZED_AUTOS = YES_AGGRESSIVE;
				GCC_WARN_UNUSED_FUNCTION = YES;
				GCC_WARN_UNUSED_VARIABLE = YES;
				IPHONEOS_DEPLOYMENT_TARGET = 15.2;
				MTL_ENABLE_DEBUG_INFO = NO;
				MTL_FAST_MATH = YES;
				SDKROOT = iphoneos;
				SWIFT_COMPILATION_MODE = wholemodule;
				SWIFT_OPTIMIZATION_LEVEL = "-O";
				VALIDATE_PRODUCT = YES;
			};
			name = Release;
		};
		2DD91CE627DFB1D0007D0113 /* Debug */ = {
			isa = XCBuildConfiguration;
			baseConfigurationReference = 769FA437CCDC97614FF06922 /* Pods-RxSwiftEducation.debug.xcconfig */;
			buildSettings = {
				ASSETCATALOG_COMPILER_APPICON_NAME = AppIcon;
				ASSETCATALOG_COMPILER_GLOBAL_ACCENT_COLOR_NAME = AccentColor;
				CODE_SIGN_STYLE = Automatic;
				CURRENT_PROJECT_VERSION = 1;
				DEVELOPMENT_TEAM = 6FJHRWT7C3;
				GENERATE_INFOPLIST_FILE = YES;
				INFOPLIST_FILE = RxSwiftEducation/Info.plist;
				INFOPLIST_KEY_UIApplicationSupportsIndirectInputEvents = YES;
				INFOPLIST_KEY_UILaunchStoryboardName = LaunchScreen;
				INFOPLIST_KEY_UIMainStoryboardFile = Main;
				INFOPLIST_KEY_UISupportedInterfaceOrientations_iPad = "UIInterfaceOrientationPortrait UIInterfaceOrientationPortraitUpsideDown UIInterfaceOrientationLandscapeLeft UIInterfaceOrientationLandscapeRight";
				INFOPLIST_KEY_UISupportedInterfaceOrientations_iPhone = "UIInterfaceOrientationPortrait UIInterfaceOrientationLandscapeLeft UIInterfaceOrientationLandscapeRight";
				LD_RUNPATH_SEARCH_PATHS = (
					"$(inherited)",
					"@executable_path/Frameworks",
				);
				MARKETING_VERSION = 1.0;
				PRODUCT_BUNDLE_IDENTIFIER = df.rxSwift.education.RxSwiftEducation;
				PRODUCT_NAME = "$(TARGET_NAME)";
				SWIFT_EMIT_LOC_STRINGS = YES;
				SWIFT_VERSION = 5.0;
				TARGETED_DEVICE_FAMILY = "1,2";
			};
			name = Debug;
		};
		2DD91CE727DFB1D0007D0113 /* Release */ = {
			isa = XCBuildConfiguration;
			baseConfigurationReference = 14DD3A5C8E6BD563DD1E6841 /* Pods-RxSwiftEducation.release.xcconfig */;
			buildSettings = {
				ASSETCATALOG_COMPILER_APPICON_NAME = AppIcon;
				ASSETCATALOG_COMPILER_GLOBAL_ACCENT_COLOR_NAME = AccentColor;
				CODE_SIGN_STYLE = Automatic;
				CURRENT_PROJECT_VERSION = 1;
				DEVELOPMENT_TEAM = 6FJHRWT7C3;
				GENERATE_INFOPLIST_FILE = YES;
				INFOPLIST_FILE = RxSwiftEducation/Info.plist;
				INFOPLIST_KEY_UIApplicationSupportsIndirectInputEvents = YES;
				INFOPLIST_KEY_UILaunchStoryboardName = LaunchScreen;
				INFOPLIST_KEY_UIMainStoryboardFile = Main;
				INFOPLIST_KEY_UISupportedInterfaceOrientations_iPad = "UIInterfaceOrientationPortrait UIInterfaceOrientationPortraitUpsideDown UIInterfaceOrientationLandscapeLeft UIInterfaceOrientationLandscapeRight";
				INFOPLIST_KEY_UISupportedInterfaceOrientations_iPhone = "UIInterfaceOrientationPortrait UIInterfaceOrientationLandscapeLeft UIInterfaceOrientationLandscapeRight";
				LD_RUNPATH_SEARCH_PATHS = (
					"$(inherited)",
					"@executable_path/Frameworks",
				);
				MARKETING_VERSION = 1.0;
				PRODUCT_BUNDLE_IDENTIFIER = df.rxSwift.education.RxSwiftEducation;
				PRODUCT_NAME = "$(TARGET_NAME)";
				SWIFT_EMIT_LOC_STRINGS = YES;
				SWIFT_VERSION = 5.0;
				TARGETED_DEVICE_FAMILY = "1,2";
			};
			name = Release;
		};
		2DD91CE927DFB1D0007D0113 /* Debug */ = {
			isa = XCBuildConfiguration;
			baseConfigurationReference = 4DC59511B92FB238DE8A3802 /* Pods-RxSwiftEducationTests.debug.xcconfig */;
			buildSettings = {
				ALWAYS_EMBED_SWIFT_STANDARD_LIBRARIES = "$(inherited)";
				BUNDLE_LOADER = "$(TEST_HOST)";
				CODE_SIGN_STYLE = Automatic;
				CURRENT_PROJECT_VERSION = 1;
				DEVELOPMENT_TEAM = 6FJHRWT7C3;
				GENERATE_INFOPLIST_FILE = YES;
				IPHONEOS_DEPLOYMENT_TARGET = 15.2;
				MARKETING_VERSION = 1.0;
				PRODUCT_BUNDLE_IDENTIFIER = df.rxSwift.education.RxSwiftEducationTests;
				PRODUCT_NAME = "$(TARGET_NAME)";
				SWIFT_EMIT_LOC_STRINGS = NO;
				SWIFT_VERSION = 5.0;
				TARGETED_DEVICE_FAMILY = "1,2";
				TEST_HOST = "$(BUILT_PRODUCTS_DIR)/RxSwiftEducation.app/RxSwiftEducation";
			};
			name = Debug;
		};
		2DD91CEA27DFB1D0007D0113 /* Release */ = {
			isa = XCBuildConfiguration;
			baseConfigurationReference = 3936A879783B3C36EDBC3787 /* Pods-RxSwiftEducationTests.release.xcconfig */;
			buildSettings = {
				ALWAYS_EMBED_SWIFT_STANDARD_LIBRARIES = "$(inherited)";
				BUNDLE_LOADER = "$(TEST_HOST)";
				CODE_SIGN_STYLE = Automatic;
				CURRENT_PROJECT_VERSION = 1;
				DEVELOPMENT_TEAM = 6FJHRWT7C3;
				GENERATE_INFOPLIST_FILE = YES;
				IPHONEOS_DEPLOYMENT_TARGET = 15.2;
				MARKETING_VERSION = 1.0;
				PRODUCT_BUNDLE_IDENTIFIER = df.rxSwift.education.RxSwiftEducationTests;
				PRODUCT_NAME = "$(TARGET_NAME)";
				SWIFT_EMIT_LOC_STRINGS = NO;
				SWIFT_VERSION = 5.0;
				TARGETED_DEVICE_FAMILY = "1,2";
				TEST_HOST = "$(BUILT_PRODUCTS_DIR)/RxSwiftEducation.app/RxSwiftEducation";
			};
			name = Release;
		};
		2DD91CEC27DFB1D0007D0113 /* Debug */ = {
			isa = XCBuildConfiguration;
			baseConfigurationReference = 7B740A03EF265C2CA18864CF /* Pods-RxSwiftEducation-RxSwiftEducationUITests.debug.xcconfig */;
			buildSettings = {
				ALWAYS_EMBED_SWIFT_STANDARD_LIBRARIES = "$(inherited)";
				CODE_SIGN_STYLE = Automatic;
				CURRENT_PROJECT_VERSION = 1;
				DEVELOPMENT_TEAM = 6FJHRWT7C3;
				GENERATE_INFOPLIST_FILE = YES;
				MARKETING_VERSION = 1.0;
				PRODUCT_BUNDLE_IDENTIFIER = df.rxSwift.education.RxSwiftEducationUITests;
				PRODUCT_NAME = "$(TARGET_NAME)";
				SWIFT_EMIT_LOC_STRINGS = NO;
				SWIFT_VERSION = 5.0;
				TARGETED_DEVICE_FAMILY = "1,2";
				TEST_TARGET_NAME = RxSwiftEducation;
			};
			name = Debug;
		};
		2DD91CED27DFB1D0007D0113 /* Release */ = {
			isa = XCBuildConfiguration;
			baseConfigurationReference = 196CAAA6104F6E4E41CEF8D5 /* Pods-RxSwiftEducation-RxSwiftEducationUITests.release.xcconfig */;
			buildSettings = {
				ALWAYS_EMBED_SWIFT_STANDARD_LIBRARIES = "$(inherited)";
				CODE_SIGN_STYLE = Automatic;
				CURRENT_PROJECT_VERSION = 1;
				DEVELOPMENT_TEAM = 6FJHRWT7C3;
				GENERATE_INFOPLIST_FILE = YES;
				MARKETING_VERSION = 1.0;
				PRODUCT_BUNDLE_IDENTIFIER = df.rxSwift.education.RxSwiftEducationUITests;
				PRODUCT_NAME = "$(TARGET_NAME)";
				SWIFT_EMIT_LOC_STRINGS = NO;
				SWIFT_VERSION = 5.0;
				TARGETED_DEVICE_FAMILY = "1,2";
				TEST_TARGET_NAME = RxSwiftEducation;
			};
			name = Release;
		};
/* End XCBuildConfiguration section */

/* Begin XCConfigurationList section */
		2DD91CB627DFB1CE007D0113 /* Build configuration list for PBXProject "RxSwiftEducation" */ = {
			isa = XCConfigurationList;
			buildConfigurations = (
				2DD91CE327DFB1D0007D0113 /* Debug */,
				2DD91CE427DFB1D0007D0113 /* Release */,
			);
			defaultConfigurationIsVisible = 0;
			defaultConfigurationName = Release;
		};
		2DD91CE527DFB1D0007D0113 /* Build configuration list for PBXNativeTarget "RxSwiftEducation" */ = {
			isa = XCConfigurationList;
			buildConfigurations = (
				2DD91CE627DFB1D0007D0113 /* Debug */,
				2DD91CE727DFB1D0007D0113 /* Release */,
			);
			defaultConfigurationIsVisible = 0;
			defaultConfigurationName = Release;
		};
		2DD91CE827DFB1D0007D0113 /* Build configuration list for PBXNativeTarget "RxSwiftEducationTests" */ = {
			isa = XCConfigurationList;
			buildConfigurations = (
				2DD91CE927DFB1D0007D0113 /* Debug */,
				2DD91CEA27DFB1D0007D0113 /* Release */,
			);
			defaultConfigurationIsVisible = 0;
			defaultConfigurationName = Release;
		};
		2DD91CEB27DFB1D0007D0113 /* Build configuration list for PBXNativeTarget "RxSwiftEducationUITests" */ = {
			isa = XCConfigurationList;
			buildConfigurations = (
				2DD91CEC27DFB1D0007D0113 /* Debug */,
				2DD91CED27DFB1D0007D0113 /* Release */,
			);
			defaultConfigurationIsVisible = 0;
			defaultConfigurationName = Release;
		};
/* End XCConfigurationList section */
	};
	rootObject = 2DD91CB327DFB1CE007D0113 /* Project object */;
}
