// !$*UTF8*$!
{
	archiveVersion = 1;
	classes = {
	};
	objectVersion = 55;
	objects = {

/* Begin PBXBuildFile section */
		2D11D36127E38AB100389ADC /* Combinestagram.storyboard in Resources */ = {isa = PBXBuildFile; fileRef = 2D11D36027E38AB100389ADC /* Combinestagram.storyboard */; };
		2D11D36327E38B7800389ADC /* Chapter4VC.swift.swift in Sources */ = {isa = PBXBuildFile; fileRef = 2D11D36227E38B7800389ADC /* Chapter4VC.swift.swift */; };
		2D11D36527E38BFF00389ADC /* UIImage+Collage.swift in Sources */ = {isa = PBXBuildFile; fileRef = 2D11D36427E38BFF00389ADC /* UIImage+Collage.swift */; };
		2D11D36727E38C1900389ADC /* PhotoWriter.swift in Sources */ = {isa = PBXBuildFile; fileRef = 2D11D36627E38C1800389ADC /* PhotoWriter.swift */; };
		2D11D36A27E38C2E00389ADC /* PhotosViewController.swift in Sources */ = {isa = PBXBuildFile; fileRef = 2D11D36827E38C2E00389ADC /* PhotosViewController.swift */; };
		2D11D36B27E38C2E00389ADC /* PhotoCell.swift in Sources */ = {isa = PBXBuildFile; fileRef = 2D11D36927E38C2E00389ADC /* PhotoCell.swift */; };
		2D11D36D27E38C9100389ADC /* CombineinstagramAsset.xcassets in Resources */ = {isa = PBXBuildFile; fileRef = 2D11D36C27E38C9100389ADC /* CombineinstagramAsset.xcassets */; };
		2D276E1E27E5D396001378CF /* Main.storyboard in Resources */ = {isa = PBXBuildFile; fileRef = 2D276E1D27E5D396001378CF /* Main.storyboard */; };
		2D276E2027E5D3A8001378CF /* Chapter5VCViewController.swift in Sources */ = {isa = PBXBuildFile; fileRef = 2D276E1F27E5D3A8001378CF /* Chapter5VCViewController.swift */; };
		2DD0922427E108F3000F56A3 /* Copyright.txt in Resources */ = {isa = PBXBuildFile; fileRef = 2DD0922327E108F3000F56A3 /* Copyright.txt */; };
		2DD0922727E117D3000F56A3 /* MenuViewController.swift in Sources */ = {isa = PBXBuildFile; fileRef = 2DD0922627E117D3000F56A3 /* MenuViewController.swift */; };
		2DD0922A27E118D1000F56A3 /* Chapter3VC.swift in Sources */ = {isa = PBXBuildFile; fileRef = 2DD0922927E118D1000F56A3 /* Chapter3VC.swift */; };
		2DD91CBF27DFB1CE007D0113 /* AppDelegate.swift in Sources */ = {isa = PBXBuildFile; fileRef = 2DD91CBE27DFB1CE007D0113 /* AppDelegate.swift */; };
		2DD91CC127DFB1CE007D0113 /* SceneDelegate.swift in Sources */ = {isa = PBXBuildFile; fileRef = 2DD91CC027DFB1CE007D0113 /* SceneDelegate.swift */; };
		2DD91CC327DFB1CE007D0113 /* Chapter2VC.swift in Sources */ = {isa = PBXBuildFile; fileRef = 2DD91CC227DFB1CE007D0113 /* Chapter2VC.swift */; };
		2DD91CC827DFB1D0007D0113 /* Assets.xcassets in Resources */ = {isa = PBXBuildFile; fileRef = 2DD91CC727DFB1D0007D0113 /* Assets.xcassets */; };
		2DD91CCB27DFB1D0007D0113 /* LaunchScreen.storyboard in Resources */ = {isa = PBXBuildFile; fileRef = 2DD91CC927DFB1D0007D0113 /* LaunchScreen.storyboard */; };
		2DD91CD627DFB1D0007D0113 /* RxSwiftEducationTests.swift in Sources */ = {isa = PBXBuildFile; fileRef = 2DD91CD527DFB1D0007D0113 /* RxSwiftEducationTests.swift */; };
		2DD91CE027DFB1D0007D0113 /* RxSwiftEducationUITests.swift in Sources */ = {isa = PBXBuildFile; fileRef = 2DD91CDF27DFB1D0007D0113 /* RxSwiftEducationUITests.swift */; };
		2DD91CE227DFB1D0007D0113 /* RxSwiftEducationUITestsLaunchTests.swift in Sources */ = {isa = PBXBuildFile; fileRef = 2DD91CE127DFB1D0007D0113 /* RxSwiftEducationUITestsLaunchTests.swift */; };
		B450623EEC59A3C19F6930C4 /* Pods_RxSwiftEducation_RxSwiftEducationUITests.framework in Frameworks */ = {isa = PBXBuildFile; fileRef = D747A9CE60169AC968DFE4EF /* Pods_RxSwiftEducation_RxSwiftEducationUITests.framework */; };
		BA0F66E761D6CC41F8595248 /* Pods_RxSwiftEducation.framework in Frameworks */ = {isa = PBXBuildFile; fileRef = 224D8355CB38B30C1E3F01AF /* Pods_RxSwiftEducation.framework */; };
		CF86F522546ABE65D82D4244 /* Pods_RxSwiftEducationTests.framework in Frameworks */ = {isa = PBXBuildFile; fileRef = F6398E2D522AEC1696238E43 /* Pods_RxSwiftEducationTests.framework */; };
/* End PBXBuildFile section */

/* Begin PBXContainerItemProxy section */
		2DD91CD227DFB1D0007D0113 /* PBXContainerItemProxy */ = {
			isa = PBXContainerItemProxy;
			containerPortal = 2DD91CB327DFB1CE007D0113 /* Project object */;
			proxyType = 1;
			remoteGlobalIDString = 2DD91CBA27DFB1CE007D0113;
			remoteInfo = RxSwiftEducation;
		};
		2DD91CDC27DFB1D0007D0113 /* PBXContainerItemProxy */ = {
			isa = PBXContainerItemProxy;
			containerPortal = 2DD91CB327DFB1CE007D0113 /* Project object */;
			proxyType = 1;
			remoteGlobalIDString = 2DD91CBA27DFB1CE007D0113;
			remoteInfo = RxSwiftEducation;
		};
/* End PBXContainerItemProxy section */

/* Begin PBXFileReference section */
		14DD3A5C8E6BD563DD1E6841 /* Pods-RxSwiftEducation.release.xcconfig */ = {isa = PBXFileReference; includeInIndex = 1; lastKnownFileType = text.xcconfig; name = "Pods-RxSwiftEducation.release.xcconfig"; path = "Target Support Files/Pods-RxSwiftEducation/Pods-RxSwiftEducation.release.xcconfig"; sourceTree = "<group>"; };
		196CAAA6104F6E4E41CEF8D5 /* Pods-RxSwiftEducation-RxSwiftEducationUITests.release.xcconfig */ = {isa = PBXFileReference; includeInIndex = 1; lastKnownFileType = text.xcconfig; name = "Pods-RxSwiftEducation-RxSwiftEducationUITests.release.xcconfig"; path = "Target Support Files/Pods-RxSwiftEducation-RxSwiftEducationUITests/Pods-RxSwiftEducation-RxSwiftEducationUITests.release.xcconfig"; sourceTree = "<group>"; };
		224D8355CB38B30C1E3F01AF /* Pods_RxSwiftEducation.framework */ = {isa = PBXFileReference; explicitFileType = wrapper.framework; includeInIndex = 0; path = Pods_RxSwiftEducation.framework; sourceTree = BUILT_PRODUCTS_DIR; };
		2D11D36027E38AB100389ADC /* Combinestagram.storyboard */ = {isa = PBXFileReference; lastKnownFileType = file.storyboard; path = Combinestagram.storyboard; sourceTree = "<group>"; };
		2D11D36227E38B7800389ADC /* Chapter4VC.swift.swift */ = {isa = PBXFileReference; lastKnownFileType = sourcecode.swift; path = Chapter4VC.swift.swift; sourceTree = "<group>"; };
		2D11D36427E38BFF00389ADC /* UIImage+Collage.swift */ = {isa = PBXFileReference; fileEncoding = 4; lastKnownFileType = sourcecode.swift; path = "UIImage+Collage.swift"; sourceTree = "<group>"; };
		2D11D36627E38C1800389ADC /* PhotoWriter.swift */ = {isa = PBXFileReference; fileEncoding = 4; lastKnownFileType = sourcecode.swift; path = PhotoWriter.swift; sourceTree = "<group>"; };
		2D11D36827E38C2E00389ADC /* PhotosViewController.swift */ = {isa = PBXFileReference; fileEncoding = 4; lastKnownFileType = sourcecode.swift; path = PhotosViewController.swift; sourceTree = "<group>"; };
		2D11D36927E38C2E00389ADC /* PhotoCell.swift */ = {isa = PBXFileReference; fileEncoding = 4; lastKnownFileType = sourcecode.swift; path = PhotoCell.swift; sourceTree = "<group>"; };
		2D11D36C27E38C9100389ADC /* CombineinstagramAsset.xcassets */ = {isa = PBXFileReference; lastKnownFileType = folder.assetcatalog; path = CombineinstagramAsset.xcassets; sourceTree = "<group>"; };
		2D276E1D27E5D396001378CF /* Main.storyboard */ = {isa = PBXFileReference; fileEncoding = 4; lastKnownFileType = file.storyboard; path = Main.storyboard; sourceTree = "<group>"; };
		2D276E1F27E5D3A8001378CF /* Chapter5VCViewController.swift */ = {isa = PBXFileReference; fileEncoding = 4; lastKnownFileType = sourcecode.swift; path = Chapter5VCViewController.swift; sourceTree = "<group>"; };
		2DD0922327E108F3000F56A3 /* Copyright.txt */ = {isa = PBXFileReference; fileEncoding = 4; lastKnownFileType = text; path = Copyright.txt; sourceTree = "<group>"; };
		2DD0922627E117D3000F56A3 /* MenuViewController.swift */ = {isa = PBXFileReference; lastKnownFileType = sourcecode.swift; path = MenuViewController.swift; sourceTree = "<group>"; };
		2DD0922927E118D1000F56A3 /* Chapter3VC.swift */ = {isa = PBXFileReference; lastKnownFileType = sourcecode.swift; path = Chapter3VC.swift; sourceTree = "<group>"; };
		2DD91CBB27DFB1CE007D0113 /* RxSwiftEducation.app */ = {isa = PBXFileReference; explicitFileType = wrapper.application; includeInIndex = 0; path = RxSwiftEducation.app; sourceTree = BUILT_PRODUCTS_DIR; };
		2DD91CBE27DFB1CE007D0113 /* AppDelegate.swift */ = {isa = PBXFileReference; lastKnownFileType = sourcecode.swift; path = AppDelegate.swift; sourceTree = "<group>"; };
		2DD91CC027DFB1CE007D0113 /* SceneDelegate.swift */ = {isa = PBXFileReference; lastKnownFileType = sourcecode.swift; path = SceneDelegate.swift; sourceTree = "<group>"; };
		2DD91CC227DFB1CE007D0113 /* Chapter2VC.swift */ = {isa = PBXFileReference; lastKnownFileType = sourcecode.swift; path = Chapter2VC.swift; sourceTree = "<group>"; };
		2DD91CC727DFB1D0007D0113 /* Assets.xcassets */ = {isa = PBXFileReference; lastKnownFileType = folder.assetcatalog; path = Assets.xcassets; sourceTree = "<group>"; };
		2DD91CCA27DFB1D0007D0113 /* Base */ = {isa = PBXFileReference; lastKnownFileType = file.storyboard; name = Base; path = Base.lproj/LaunchScreen.storyboard; sourceTree = "<group>"; };
		2DD91CCC27DFB1D0007D0113 /* Info.plist */ = {isa = PBXFileReference; lastKnownFileType = text.plist.xml; path = Info.plist; sourceTree = "<group>"; };
		2DD91CD127DFB1D0007D0113 /* RxSwiftEducationTests.xctest */ = {isa = PBXFileReference; explicitFileType = wrapper.cfbundle; includeInIndex = 0; path = RxSwiftEducationTests.xctest; sourceTree = BUILT_PRODUCTS_DIR; };
		2DD91CD527DFB1D0007D0113 /* RxSwiftEducationTests.swift */ = {isa = PBXFileReference; lastKnownFileType = sourcecode.swift; path = RxSwiftEducationTests.swift; sourceTree = "<group>"; };
		2DD91CDB27DFB1D0007D0113 /* RxSwiftEducationUITests.xctest */ = {isa = PBXFileReference; explicitFileType = wrapper.cfbundle; includeInIndex = 0; path = RxSwiftEducationUITests.xctest; sourceTree = BUILT_PRODUCTS_DIR; };
		2DD91CDF27DFB1D0007D0113 /* RxSwiftEducationUITests.swift */ = {isa = PBXFileReference; lastKnownFileType = sourcecode.swift; path = RxSwiftEducationUITests.swift; sourceTree = "<group>"; };
		2DD91CE127DFB1D0007D0113 /* RxSwiftEducationUITestsLaunchTests.swift */ = {isa = PBXFileReference; lastKnownFileType = sourcecode.swift; path = RxSwiftEducationUITestsLaunchTests.swift; sourceTree = "<group>"; };
		3936A879783B3C36EDBC3787 /* Pods-RxSwiftEducationTests.release.xcconfig */ = {isa = PBXFileReference; includeInIndex = 1; lastKnownFileType = text.xcconfig; name = "Pods-RxSwiftEducationTests.release.xcconfig"; path = "Target Support Files/Pods-RxSwiftEducationTests/Pods-RxSwiftEducationTests.release.xcconfig"; sourceTree = "<group>"; };
		4DC59511B92FB238DE8A3802 /* Pods-RxSwiftEducationTests.debug.xcconfig */ = {isa = PBXFileReference; includeInIndex = 1; lastKnownFileType = text.xcconfig; name = "Pods-RxSwiftEducationTests.debug.xcconfig"; path = "Target Support Files/Pods-RxSwiftEducationTests/Pods-RxSwiftEducationTests.debug.xcconfig"; sourceTree = "<group>"; };
		769FA437CCDC97614FF06922 /* Pods-RxSwiftEducation.debug.xcconfig */ = {isa = PBXFileReference; includeInIndex = 1; lastKnownFileType = text.xcconfig; name = "Pods-RxSwiftEducation.debug.xcconfig"; path = "Target Support Files/Pods-RxSwiftEducation/Pods-RxSwiftEducation.debug.xcconfig"; sourceTree = "<group>"; };
		7B740A03EF265C2CA18864CF /* Pods-RxSwiftEducation-RxSwiftEducationUITests.debug.xcconfig */ = {isa = PBXFileReference; includeInIndex = 1; lastKnownFileType = text.xcconfig; name = "Pods-RxSwiftEducation-RxSwiftEducationUITests.debug.xcconfig"; path = "Target Support Files/Pods-RxSwiftEducation-RxSwiftEducationUITests/Pods-RxSwiftEducation-RxSwiftEducationUITests.debug.xcconfig"; sourceTree = "<group>"; };
		D747A9CE60169AC968DFE4EF /* Pods_RxSwiftEducation_RxSwiftEducationUITests.framework */ = {isa = PBXFileReference; explicitFileType = wrapper.framework; includeInIndex = 0; path = Pods_RxSwiftEducation_RxSwiftEducationUITests.framework; sourceTree = BUILT_PRODUCTS_DIR; };
		F6398E2D522AEC1696238E43 /* Pods_RxSwiftEducationTests.framework */ = {isa = PBXFileReference; explicitFileType = wrapper.framework; includeInIndex = 0; path = Pods_RxSwiftEducationTests.framework; sourceTree = BUILT_PRODUCTS_DIR; };
/* End PBXFileReference section */

/* Begin PBXFrameworksBuildPhase section */
		2DD91CB827DFB1CE007D0113 /* Frameworks */ = {
			isa = PBXFrameworksBuildPhase;
			buildActionMask = 2147483647;
			files = (
				BA0F66E761D6CC41F8595248 /* Pods_RxSwiftEducation.framework in Frameworks */,
			);
			runOnlyForDeploymentPostprocessing = 0;
		};
		2DD91CCE27DFB1D0007D0113 /* Frameworks */ = {
			isa = PBXFrameworksBuildPhase;
			buildActionMask = 2147483647;
			files = (
				CF86F522546ABE65D82D4244 /* Pods_RxSwiftEducationTests.framework in Frameworks */,
			);
			runOnlyForDeploymentPostprocessing = 0;
		};
		2DD91CD827DFB1D0007D0113 /* Frameworks */ = {
			isa = PBXFrameworksBuildPhase;
			buildActionMask = 2147483647;
			files = (
				B450623EEC59A3C19F6930C4 /* Pods_RxSwiftEducation_RxSwiftEducationUITests.framework in Frameworks */,
			);
			runOnlyForDeploymentPostprocessing = 0;
		};
/* End PBXFrameworksBuildPhase section */

/* Begin PBXGroup section */
		2D276E1C27E5D358001378CF /* Chapter5FiltOperators */ = {
			isa = PBXGroup;
			children = (
				2D276E1F27E5D3A8001378CF /* Chapter5VCViewController.swift */,
			);
			path = Chapter5FiltOperators;
			sourceTree = "<group>";
		};
		2D52578C27E2A853000B2B7C /* Chapter4O&SInPractice */ = {
			isa = PBXGroup;
			children = (
				2D11D36027E38AB100389ADC /* Combinestagram.storyboard */,
				2D11D36C27E38C9100389ADC /* CombineinstagramAsset.xcassets */,
				2D11D36427E38BFF00389ADC /* UIImage+Collage.swift */,
				2D11D36627E38C1800389ADC /* PhotoWriter.swift */,
				2D11D36927E38C2E00389ADC /* PhotoCell.swift */,
				2D11D36827E38C2E00389ADC /* PhotosViewController.swift */,
				2D11D36227E38B7800389ADC /* Chapter4VC.swift.swift */,
			);
			path = "Chapter4O&SInPractice";
			sourceTree = "<group>";
		};
		2DD0922527E1177D000F56A3 /* Chapter2Observable */ = {
			isa = PBXGroup;
			children = (
				2DD0922327E108F3000F56A3 /* Copyright.txt */,
				2DD91CC227DFB1CE007D0113 /* Chapter2VC.swift */,
			);
			path = Chapter2Observable;
			sourceTree = "<group>";
		};
		2DD0922827E118B8000F56A3 /* Chapter3Subject */ = {
			isa = PBXGroup;
			children = (
				2DD0922927E118D1000F56A3 /* Chapter3VC.swift */,
			);
			path = Chapter3Subject;
			sourceTree = "<group>";
		};
		2DD91CB227DFB1CE007D0113 = {
			isa = PBXGroup;
			children = (
				2DD91CBD27DFB1CE007D0113 /* RxSwiftEducation */,
				2DD91CD427DFB1D0007D0113 /* RxSwiftEducationTests */,
				2DD91CDE27DFB1D0007D0113 /* RxSwiftEducationUITests */,
				2DD91CBC27DFB1CE007D0113 /* Products */,
				AAA64C7DBB11C5B704A6DBEB /* Pods */,
				83DBFC64560BB2E00F33B411 /* Frameworks */,
			);
			sourceTree = "<group>";
		};
		2DD91CBC27DFB1CE007D0113 /* Products */ = {
			isa = PBXGroup;
			children = (
				2DD91CBB27DFB1CE007D0113 /* RxSwiftEducation.app */,
				2DD91CD127DFB1D0007D0113 /* RxSwiftEducationTests.xctest */,
				2DD91CDB27DFB1D0007D0113 /* RxSwiftEducationUITests.xctest */,
			);
			name = Products;
			sourceTree = "<group>";
		};
		2DD91CBD27DFB1CE007D0113 /* RxSwiftEducation */ = {
			isa = PBXGroup;
			children = (
				2DD91CBE27DFB1CE007D0113 /* AppDelegate.swift */,
				2DD91CC027DFB1CE007D0113 /* SceneDelegate.swift */,
				2DD0922627E117D3000F56A3 /* MenuViewController.swift */,
				2DD0922527E1177D000F56A3 /* Chapter2Observable */,
				2DD0922827E118B8000F56A3 /* Chapter3Subject */,
				2D52578C27E2A853000B2B7C /* Chapter4O&SInPractice */,
				2D276E1C27E5D358001378CF /* Chapter5FiltOperators */,
				2D276E1D27E5D396001378CF /* Main.storyboard */,
				2DD91CC727DFB1D0007D0113 /* Assets.xcassets */,
				2DD91CC927DFB1D0007D0113 /* LaunchScreen.storyboard */,
				2DD91CCC27DFB1D0007D0113 /* Info.plist */,
			);
			path = RxSwiftEducation;
			sourceTree = "<group>";
		};
		2DD91CD427DFB1D0007D0113 /* RxSwiftEducationTests */ = {
			isa = PBXGroup;
			children = (
				2DD91CD527DFB1D0007D0113 /* RxSwiftEducationTests.swift */,
			);
			path = RxSwiftEducationTests;
			sourceTree = "<group>";
		};
		2DD91CDE27DFB1D0007D0113 /* RxSwiftEducationUITests */ = {
			isa = PBXGroup;
			children = (
				2DD91CDF27DFB1D0007D0113 /* RxSwiftEducationUITests.swift */,
				2DD91CE127DFB1D0007D0113 /* RxSwiftEducationUITestsLaunchTests.swift */,
			);
			path = RxSwiftEducationUITests;
			sourceTree = "<group>";
		};
		83DBFC64560BB2E00F33B411 /* Frameworks */ = {
			isa = PBXGroup;
			children = (
				224D8355CB38B30C1E3F01AF /* Pods_RxSwiftEducation.framework */,
				D747A9CE60169AC968DFE4EF /* Pods_RxSwiftEducation_RxSwiftEducationUITests.framework */,
				F6398E2D522AEC1696238E43 /* Pods_RxSwiftEducationTests.framework */,
			);
			name = Frameworks;
			sourceTree = "<group>";
		};
		AAA64C7DBB11C5B704A6DBEB /* Pods */ = {
			isa = PBXGroup;
			children = (
				769FA437CCDC97614FF06922 /* Pods-RxSwiftEducation.debug.xcconfig */,
				14DD3A5C8E6BD563DD1E6841 /* Pods-RxSwiftEducation.release.xcconfig */,
				7B740A03EF265C2CA18864CF /* Pods-RxSwiftEducation-RxSwiftEducationUITests.debug.xcconfig */,
				196CAAA6104F6E4E41CEF8D5 /* Pods-RxSwiftEducation-RxSwiftEducationUITests.release.xcconfig */,
				4DC59511B92FB238DE8A3802 /* Pods-RxSwiftEducationTests.debug.xcconfig */,
				3936A879783B3C36EDBC3787 /* Pods-RxSwiftEducationTests.release.xcconfig */,
			);
			path = Pods;
			sourceTree = "<group>";
		};
/* End PBXGroup section */

/* Begin PBXNativeTarget section */
		2DD91CBA27DFB1CE007D0113 /* RxSwiftEducation */ = {
			isa = PBXNativeTarget;
			buildConfigurationList = 2DD91CE527DFB1D0007D0113 /* Build configuration list for PBXNativeTarget "RxSwiftEducation" */;
			buildPhases = (
				D753F1EE89CA1CDCB0D00D2E /* [CP] Check Pods Manifest.lock */,
				2DD91CB727DFB1CE007D0113 /* Sources */,
				2DD91CB827DFB1CE007D0113 /* Frameworks */,
				2DD91CB927DFB1CE007D0113 /* Resources */,
				11D7F855197C4EFD31915D6D /* [CP] Embed Pods Frameworks */,
			);
			buildRules = (
			);
			dependencies = (
			);
			name = RxSwiftEducation;
			productName = RxSwiftEducation;
			productReference = 2DD91CBB27DFB1CE007D0113 /* RxSwiftEducation.app */;
			productType = "com.apple.product-type.application";
		};
		2DD91CD027DFB1D0007D0113 /* RxSwiftEducationTests */ = {
			isa = PBXNativeTarget;
			buildConfigurationList = 2DD91CE827DFB1D0007D0113 /* Build configuration list for PBXNativeTarget "RxSwiftEducationTests" */;
			buildPhases = (
				527E2677FF7870C64201D433 /* [CP] Check Pods Manifest.lock */,
				2DD91CCD27DFB1D0007D0113 /* Sources */,
				2DD91CCE27DFB1D0007D0113 /* Frameworks */,
				2DD91CCF27DFB1D0007D0113 /* Resources */,
				2AE0510BE010FCA4024CD4B4 /* [CP] Embed Pods Frameworks */,
			);
			buildRules = (
			);
			dependencies = (
				2DD91CD327DFB1D0007D0113 /* PBXTargetDependency */,
			);
			name = RxSwiftEducationTests;
			productName = RxSwiftEducationTests;
			productReference = 2DD91CD127DFB1D0007D0113 /* RxSwiftEducationTests.xctest */;
			productType = "com.apple.product-type.bundle.unit-test";
		};
		2DD91CDA27DFB1D0007D0113 /* RxSwiftEducationUITests */ = {
			isa = PBXNativeTarget;
			buildConfigurationList = 2DD91CEB27DFB1D0007D0113 /* Build configuration list for PBXNativeTarget "RxSwiftEducationUITests" */;
			buildPhases = (
				93B3BFCF104FBB85480B820C /* [CP] Check Pods Manifest.lock */,
				2DD91CD727DFB1D0007D0113 /* Sources */,
				2DD91CD827DFB1D0007D0113 /* Frameworks */,
				2DD91CD927DFB1D0007D0113 /* Resources */,
				3756CD0CE964D8CA03B1662C /* [CP] Embed Pods Frameworks */,
			);
			buildRules = (
			);
			dependencies = (
				2DD91CDD27DFB1D0007D0113 /* PBXTargetDependency */,
			);
			name = RxSwiftEducationUITests;
			productName = RxSwiftEducationUITests;
			productReference = 2DD91CDB27DFB1D0007D0113 /* RxSwiftEducationUITests.xctest */;
			productType = "com.apple.product-type.bundle.ui-testing";
		};
/* End PBXNativeTarget section */

/* Begin PBXProject section */
		2DD91CB327DFB1CE007D0113 /* Project object */ = {
			isa = PBXProject;
			attributes = {
				BuildIndependentTargetsInParallel = 1;
				LastSwiftUpdateCheck = 1320;
				LastUpgradeCheck = 1320;
				TargetAttributes = {
					2DD91CBA27DFB1CE007D0113 = {
						CreatedOnToolsVersion = 13.2;
					};
					2DD91CD027DFB1D0007D0113 = {
						CreatedOnToolsVersion = 13.2;
						TestTargetID = 2DD91CBA27DFB1CE007D0113;
					};
					2DD91CDA27DFB1D0007D0113 = {
						CreatedOnToolsVersion = 13.2;
						TestTargetID = 2DD91CBA27DFB1CE007D0113;
					};
				};
			};
			buildConfigurationList = 2DD91CB627DFB1CE007D0113 /* Build configuration list for PBXProject "RxSwiftEducation" */;
			compatibilityVersion = "Xcode 13.0";
			developmentRegion = en;
			hasScannedForEncodings = 0;
			knownRegions = (
				en,
				Base,
			);
			mainGroup = 2DD91CB227DFB1CE007D0113;
			productRefGroup = 2DD91CBC27DFB1CE007D0113 /* Products */;
			projectDirPath = "";
			projectRoot = "";
			targets = (
				2DD91CBA27DFB1CE007D0113 /* RxSwiftEducation */,
				2DD91CD027DFB1D0007D0113 /* RxSwiftEducationTests */,
				2DD91CDA27DFB1D0007D0113 /* RxSwiftEducationUITests */,
			);
		};
/* End PBXProject section */

/* Begin PBXResourcesBuildPhase section */
		2DD91CB927DFB1CE007D0113 /* Resources */ = {
			isa = PBXResourcesBuildPhase;
			buildActionMask = 2147483647;
			files = (
				2D276E1E27E5D396001378CF /* Main.storyboard in Resources */,
				2DD0922427E108F3000F56A3 /* Copyright.txt in Resources */,
				2DD91CCB27DFB1D0007D0113 /* LaunchScreen.storyboard in Resources */,
				2DD91CC827DFB1D0007D0113 /* Assets.xcassets in Resources */,
				2D11D36127E38AB100389ADC /* Combinestagram.storyboard in Resources */,
				2D11D36D27E38C9100389ADC /* CombineinstagramAsset.xcassets in Resources */,
			);
			runOnlyForDeploymentPostprocessing = 0;
		};
		2DD91CCF27DFB1D0007D0113 /* Resources */ = {
			isa = PBXResourcesBuildPhase;
			buildActionMask = 2147483647;
			files = (
			);
			runOnlyForDeploymentPostprocessing = 0;
		};
		2DD91CD927DFB1D0007D0113 /* Resources */ = {
			isa = PBXResourcesBuildPhase;
			buildActionMask = 2147483647;
			files = (
			);
			runOnlyForDeploymentPostprocessing = 0;
		};
/* End PBXResourcesBuildPhase section */

/* Begin PBXShellScriptBuildPhase section */
		11D7F855197C4EFD31915D6D /* [CP] Embed Pods Frameworks */ = {
			isa = PBXShellScriptBuildPhase;
			buildActionMask = 2147483647;
			files = (
			);
			inputFileListPaths = (
				"${PODS_ROOT}/Target Support Files/Pods-RxSwiftEducation/Pods-RxSwiftEducation-frameworks-${CONFIGURATION}-input-files.xcfilelist",
			);
			name = "[CP] Embed Pods Frameworks";
			outputFileListPaths = (
				"${PODS_ROOT}/Target Support Files/Pods-RxSwiftEducation/Pods-RxSwiftEducation-frameworks-${CONFIGURATION}-output-files.xcfilelist",
			);
			runOnlyForDeploymentPostprocessing = 0;
			shellPath = /bin/sh;
			shellScript = "\"${PODS_ROOT}/Target Support Files/Pods-RxSwiftEducation/Pods-RxSwiftEducation-frameworks.sh\"\n";
			showEnvVarsInLog = 0;
		};
		2AE0510BE010FCA4024CD4B4 /* [CP] Embed Pods Frameworks */ = {
			isa = PBXShellScriptBuildPhase;
			buildActionMask = 2147483647;
			files = (
			);
			inputFileListPaths = (
				"${PODS_ROOT}/Target Support Files/Pods-RxSwiftEducationTests/Pods-RxSwiftEducationTests-frameworks-${CONFIGURATION}-input-files.xcfilelist",
			);
			name = "[CP] Embed Pods Frameworks";
			outputFileListPaths = (
				"${PODS_ROOT}/Target Support Files/Pods-RxSwiftEducationTests/Pods-RxSwiftEducationTests-frameworks-${CONFIGURATION}-output-files.xcfilelist",
			);
			runOnlyForDeploymentPostprocessing = 0;
			shellPath = /bin/sh;
			shellScript = "\"${PODS_ROOT}/Target Support Files/Pods-RxSwiftEducationTests/Pods-RxSwiftEducationTests-frameworks.sh\"\n";
			showEnvVarsInLog = 0;
		};
		3756CD0CE964D8CA03B1662C /* [CP] Embed Pods Frameworks */ = {
			isa = PBXShellScriptBuildPhase;
			buildActionMask = 2147483647;
			files = (
			);
			inputFileListPaths = (
				"${PODS_ROOT}/Target Support Files/Pods-RxSwiftEducation-RxSwiftEducationUITests/Pods-RxSwiftEducation-RxSwiftEducationUITests-frameworks-${CONFIGURATION}-input-files.xcfilelist",
			);
			name = "[CP] Embed Pods Frameworks";
			outputFileListPaths = (
				"${PODS_ROOT}/Target Support Files/Pods-RxSwiftEducation-RxSwiftEducationUITests/Pods-RxSwiftEducation-RxSwiftEducationUITests-frameworks-${CONFIGURATION}-output-files.xcfilelist",
			);
			runOnlyForDeploymentPostprocessing = 0;
			shellPath = /bin/sh;
			shellScript = "\"${PODS_ROOT}/Target Support Files/Pods-RxSwiftEducation-RxSwiftEducationUITests/Pods-RxSwiftEducation-RxSwiftEducationUITests-frameworks.sh\"\n";
			showEnvVarsInLog = 0;
		};
		527E2677FF7870C64201D433 /* [CP] Check Pods Manifest.lock */ = {
			isa = PBXShellScriptBuildPhase;
			buildActionMask = 2147483647;
			files = (
			);
			inputFileListPaths = (
			);
			inputPaths = (
				"${PODS_PODFILE_DIR_PATH}/Podfile.lock",
				"${PODS_ROOT}/Manifest.lock",
			);
			name = "[CP] Check Pods Manifest.lock";
			outputFileListPaths = (
			);
			outputPaths = (
				"$(DERIVED_FILE_DIR)/Pods-RxSwiftEducationTests-checkManifestLockResult.txt",
			);
			runOnlyForDeploymentPostprocessing = 0;
			shellPath = /bin/sh;
			shellScript = "diff \"${PODS_PODFILE_DIR_PATH}/Podfile.lock\" \"${PODS_ROOT}/Manifest.lock\" > /dev/null\nif [ $? != 0 ] ; then\n    # print error to STDERR\n    echo \"error: The sandbox is not in sync with the Podfile.lock. Run 'pod install' or update your CocoaPods installation.\" >&2\n    exit 1\nfi\n# This output is used by Xcode 'outputs' to avoid re-running this script phase.\necho \"SUCCESS\" > \"${SCRIPT_OUTPUT_FILE_0}\"\n";
			showEnvVarsInLog = 0;
		};
		93B3BFCF104FBB85480B820C /* [CP] Check Pods Manifest.lock */ = {
			isa = PBXShellScriptBuildPhase;
			buildActionMask = 2147483647;
			files = (
			);
			inputFileListPaths = (
			);
			inputPaths = (
				"${PODS_PODFILE_DIR_PATH}/Podfile.lock",
				"${PODS_ROOT}/Manifest.lock",
			);
			name = "[CP] Check Pods Manifest.lock";
			outputFileListPaths = (
			);
			outputPaths = (
				"$(DERIVED_FILE_DIR)/Pods-RxSwiftEducation-RxSwiftEducationUITests-checkManifestLockResult.txt",
			);
			runOnlyForDeploymentPostprocessing = 0;
			shellPath = /bin/sh;
			shellScript = "diff \"${PODS_PODFILE_DIR_PATH}/Podfile.lock\" \"${PODS_ROOT}/Manifest.lock\" > /dev/null\nif [ $? != 0 ] ; then\n    # print error to STDERR\n    echo \"error: The sandbox is not in sync with the Podfile.lock. Run 'pod install' or update your CocoaPods installation.\" >&2\n    exit 1\nfi\n# This output is used by Xcode 'outputs' to avoid re-running this script phase.\necho \"SUCCESS\" > \"${SCRIPT_OUTPUT_FILE_0}\"\n";
			showEnvVarsInLog = 0;
		};
		D753F1EE89CA1CDCB0D00D2E /* [CP] Check Pods Manifest.lock */ = {
			isa = PBXShellScriptBuildPhase;
			buildActionMask = 2147483647;
			files = (
			);
			inputFileListPaths = (
			);
			inputPaths = (
				"${PODS_PODFILE_DIR_PATH}/Podfile.lock",
				"${PODS_ROOT}/Manifest.lock",
			);
			name = "[CP] Check Pods Manifest.lock";
			outputFileListPaths = (
			);
			outputPaths = (
				"$(DERIVED_FILE_DIR)/Pods-RxSwiftEducation-checkManifestLockResult.txt",
			);
			runOnlyForDeploymentPostprocessing = 0;
			shellPath = /bin/sh;
			shellScript = "diff \"${PODS_PODFILE_DIR_PATH}/Podfile.lock\" \"${PODS_ROOT}/Manifest.lock\" > /dev/null\nif [ $? != 0 ] ; then\n    # print error to STDERR\n    echo \"error: The sandbox is not in sync with the Podfile.lock. Run 'pod install' or update your CocoaPods installation.\" >&2\n    exit 1\nfi\n# This output is used by Xcode 'outputs' to avoid re-running this script phase.\necho \"SUCCESS\" > \"${SCRIPT_OUTPUT_FILE_0}\"\n";
			showEnvVarsInLog = 0;
		};
/* End PBXShellScriptBuildPhase section */

/* Begin PBXSourcesBuildPhase section */
		2DD91CB727DFB1CE007D0113 /* Sources */ = {
			isa = PBXSourcesBuildPhase;
			buildActionMask = 2147483647;
			files = (
				2D11D36A27E38C2E00389ADC /* PhotosViewController.swift in Sources */,
				2DD91CC327DFB1CE007D0113 /* Chapter2VC.swift in Sources */,
				2D11D36527E38BFF00389ADC /* UIImage+Collage.swift in Sources */,
				2DD0922A27E118D1000F56A3 /* Chapter3VC.swift in Sources */,
				2D11D36727E38C1900389ADC /* PhotoWriter.swift in Sources */,
				2D11D36327E38B7800389ADC /* Chapter4VC.swift.swift in Sources */,
				2D11D36B27E38C2E00389ADC /* PhotoCell.swift in Sources */,
				2DD91CBF27DFB1CE007D0113 /* AppDelegate.swift in Sources */,
				2DD91CC127DFB1CE007D0113 /* SceneDelegate.swift in Sources */,
				2DD0922727E117D3000F56A3 /* MenuViewController.swift in Sources */,
				2D276E2027E5D3A8001378CF /* Chapter5VCViewController.swift in Sources */,
			);
			runOnlyForDeploymentPostprocessing = 0;
		};
		2DD91CCD27DFB1D0007D0113 /* Sources */ = {
			isa = PBXSourcesBuildPhase;
			buildActionMask = 2147483647;
			files = (
				2DD91CD627DFB1D0007D0113 /* RxSwiftEducationTests.swift in Sources */,
			);
			runOnlyForDeploymentPostprocessing = 0;
		};
		2DD91CD727DFB1D0007D0113 /* Sources */ = {
			isa = PBXSourcesBuildPhase;
			buildActionMask = 2147483647;
			files = (
				2DD91CE027DFB1D0007D0113 /* RxSwiftEducationUITests.swift in Sources */,
				2DD91CE227DFB1D0007D0113 /* RxSwiftEducationUITestsLaunchTests.swift in Sources */,
			);
			runOnlyForDeploymentPostprocessing = 0;
		};
/* End PBXSourcesBuildPhase section */

/* Begin PBXTargetDependency section */
		2DD91CD327DFB1D0007D0113 /* PBXTargetDependency */ = {
			isa = PBXTargetDependency;
			target = 2DD91CBA27DFB1CE007D0113 /* RxSwiftEducation */;
			targetProxy = 2DD91CD227DFB1D0007D0113 /* PBXContainerItemProxy */;
		};
		2DD91CDD27DFB1D0007D0113 /* PBXTargetDependency */ = {
			isa = PBXTargetDependency;
			target = 2DD91CBA27DFB1CE007D0113 /* RxSwiftEducation */;
			targetProxy = 2DD91CDC27DFB1D0007D0113 /* PBXContainerItemProxy */;
		};
/* End PBXTargetDependency section */

/* Begin PBXVariantGroup section */
		2DD91CC927DFB1D0007D0113 /* LaunchScreen.storyboard */ = {
			isa = PBXVariantGroup;
			children = (
				2DD91CCA27DFB1D0007D0113 /* Base */,
			);
			name = LaunchScreen.storyboard;
			sourceTree = "<group>";
		};
/* End PBXVariantGroup section */

/* Begin XCBuildConfiguration section */
		2DD91CE327DFB1D0007D0113 /* Debug */ = {
			isa = XCBuildConfiguration;
			buildSettings = {
				ALWAYS_EMBED_SWIFT_STANDARD_LIBRARIES = "$(inherited)";
				ALWAYS_SEARCH_USER_PATHS = NO;
				CLANG_ANALYZER_NONNULL = YES;
				CLANG_ANALYZER_NUMBER_OBJECT_CONVERSION = YES_AGGRESSIVE;
				CLANG_CXX_LANGUAGE_STANDARD = "gnu++17";
				CLANG_CXX_LIBRARY = "libc++";
				CLANG_ENABLE_MODULES = YES;
				CLANG_ENABLE_OBJC_ARC = YES;
				CLANG_ENABLE_OBJC_WEAK = YES;
				CLANG_WARN_BLOCK_CAPTURE_AUTORELEASING = YES;
				CLANG_WARN_BOOL_CONVERSION = YES;
				CLANG_WARN_COMMA = YES;
				CLANG_WARN_CONSTANT_CONVERSION = YES;
				CLANG_WARN_DEPRECATED_OBJC_IMPLEMENTATIONS = YES;
				CLANG_WARN_DIRECT_OBJC_ISA_USAGE = YES_ERROR;
				CLANG_WARN_DOCUMENTATION_COMMENTS = YES;
				CLANG_WARN_EMPTY_BODY = YES;
				CLANG_WARN_ENUM_CONVERSION = YES;
				CLANG_WARN_INFINITE_RECURSION = YES;
				CLANG_WARN_INT_CONVERSION = YES;
				CLANG_WARN_NON_LITERAL_NULL_CONVERSION = YES;
				CLANG_WARN_OBJC_IMPLICIT_RETAIN_SELF = YES;
				CLANG_WARN_OBJC_LITERAL_CONVERSION = YES;
				CLANG_WARN_OBJC_ROOT_CLASS = YES_ERROR;
				CLANG_WARN_QUOTED_INCLUDE_IN_FRAMEWORK_HEADER = YES;
				CLANG_WARN_RANGE_LOOP_ANALYSIS = YES;
				CLANG_WARN_STRICT_PROTOTYPES = YES;
				CLANG_WARN_SUSPICIOUS_MOVE = YES;
				CLANG_WARN_UNGUARDED_AVAILABILITY = YES_AGGRESSIVE;
				CLANG_WARN_UNREACHABLE_CODE = YES;
				CLANG_WARN__DUPLICATE_METHOD_MATCH = YES;
				COPY_PHASE_STRIP = NO;
				DEBUG_INFORMATION_FORMAT = dwarf;
				ENABLE_STRICT_OBJC_MSGSEND = YES;
				ENABLE_TESTABILITY = YES;
				GCC_C_LANGUAGE_STANDARD = gnu11;
				GCC_DYNAMIC_NO_PIC = NO;
				GCC_NO_COMMON_BLOCKS = YES;
				GCC_OPTIMIZATION_LEVEL = 0;
				GCC_PREPROCESSOR_DEFINITIONS = (
					"DEBUG=1",
					"$(inherited)",
				);
				GCC_WARN_64_TO_32_BIT_CONVERSION = YES;
				GCC_WARN_ABOUT_RETURN_TYPE = YES_ERROR;
				GCC_WARN_UNDECLARED_SELECTOR = YES;
				GCC_WARN_UNINITIALIZED_AUTOS = YES_AGGRESSIVE;
				GCC_WARN_UNUSED_FUNCTION = YES;
				GCC_WARN_UNUSED_VARIABLE = YES;
				IPHONEOS_DEPLOYMENT_TARGET = 15.2;
				MTL_ENABLE_DEBUG_INFO = INCLUDE_SOURCE;
				MTL_FAST_MATH = YES;
				ONLY_ACTIVE_ARCH = YES;
				SDKROOT = iphoneos;
				SWIFT_ACTIVE_COMPILATION_CONDITIONS = DEBUG;
				SWIFT_OPTIMIZATION_LEVEL = "-Onone";
			};
			name = Debug;
		};
		2DD91CE427DFB1D0007D0113 /* Release */ = {
			isa = XCBuildConfiguration;
			buildSettings = {
				ALWAYS_EMBED_SWIFT_STANDARD_LIBRARIES = "$(inherited)";
				ALWAYS_SEARCH_USER_PATHS = NO;
				CLANG_ANALYZER_NONNULL = YES;
				CLANG_ANALYZER_NUMBER_OBJECT_CONVERSION = YES_AGGRESSIVE;
				CLANG_CXX_LANGUAGE_STANDARD = "gnu++17";
				CLANG_CXX_LIBRARY = "libc++";
				CLANG_ENABLE_MODULES = YES;
				CLANG_ENABLE_OBJC_ARC = YES;
				CLANG_ENABLE_OBJC_WEAK = YES;
				CLANG_WARN_BLOCK_CAPTURE_AUTORELEASING = YES;
				CLANG_WARN_BOOL_CONVERSION = YES;
				CLANG_WARN_COMMA = YES;
				CLANG_WARN_CONSTANT_CONVERSION = YES;
				CLANG_WARN_DEPRECATED_OBJC_IMPLEMENTATIONS = YES;
				CLANG_WARN_DIRECT_OBJC_ISA_USAGE = YES_ERROR;
				CLANG_WARN_DOCUMENTATION_COMMENTS = YES;
				CLANG_WARN_EMPTY_BODY = YES;
				CLANG_WARN_ENUM_CONVERSION = YES;
				CLANG_WARN_INFINITE_RECURSION = YES;
				CLANG_WARN_INT_CONVERSION = YES;
				CLANG_WARN_NON_LITERAL_NULL_CONVERSION = YES;
				CLANG_WARN_OBJC_IMPLICIT_RETAIN_SELF = YES;
				CLANG_WARN_OBJC_LITERAL_CONVERSION = YES;
				CLANG_WARN_OBJC_ROOT_CLASS = YES_ERROR;
				CLANG_WARN_QUOTED_INCLUDE_IN_FRAMEWORK_HEADER = YES;
				CLANG_WARN_RANGE_LOOP_ANALYSIS = YES;
				CLANG_WARN_STRICT_PROTOTYPES = YES;
				CLANG_WARN_SUSPICIOUS_MOVE = YES;
				CLANG_WARN_UNGUARDED_AVAILABILITY = YES_AGGRESSIVE;
				CLANG_WARN_UNREACHABLE_CODE = YES;
				CLANG_WARN__DUPLICATE_METHOD_MATCH = YES;
				COPY_PHASE_STRIP = NO;
				DEBUG_INFORMATION_FORMAT = "dwarf-with-dsym";
				ENABLE_NS_ASSERTIONS = NO;
				ENABLE_STRICT_OBJC_MSGSEND = YES;
				GCC_C_LANGUAGE_STANDARD = gnu11;
				GCC_NO_COMMON_BLOCKS = YES;
				GCC_WARN_64_TO_32_BIT_CONVERSION = YES;
				GCC_WARN_ABOUT_RETURN_TYPE = YES_ERROR;
				GCC_WARN_UNDECLARED_SELECTOR = YES;
				GCC_WARN_UNINITIALIZED_AUTOS = YES_AGGRESSIVE;
				GCC_WARN_UNUSED_FUNCTION = YES;
				GCC_WARN_UNUSED_VARIABLE = YES;
				IPHONEOS_DEPLOYMENT_TARGET = 15.2;
				MTL_ENABLE_DEBUG_INFO = NO;
				MTL_FAST_MATH = YES;
				SDKROOT = iphoneos;
				SWIFT_COMPILATION_MODE = wholemodule;
				SWIFT_OPTIMIZATION_LEVEL = "-O";
				VALIDATE_PRODUCT = YES;
			};
			name = Release;
		};
		2DD91CE627DFB1D0007D0113 /* Debug */ = {
			isa = XCBuildConfiguration;
			baseConfigurationReference = 769FA437CCDC97614FF06922 /* Pods-RxSwiftEducation.debug.xcconfig */;
			buildSettings = {
				ASSETCATALOG_COMPILER_APPICON_NAME = AppIcon;
				ASSETCATALOG_COMPILER_GLOBAL_ACCENT_COLOR_NAME = AccentColor;
				CODE_SIGN_STYLE = Automatic;
				CURRENT_PROJECT_VERSION = 1;
				DEVELOPMENT_TEAM = 6FJHRWT7C3;
				GENERATE_INFOPLIST_FILE = YES;
				INFOPLIST_FILE = RxSwiftEducation/Info.plist;
				INFOPLIST_KEY_UIApplicationSupportsIndirectInputEvents = YES;
				INFOPLIST_KEY_UILaunchStoryboardName = LaunchScreen;
				INFOPLIST_KEY_UIMainStoryboardFile = Main;
				INFOPLIST_KEY_UISupportedInterfaceOrientations_iPad = "UIInterfaceOrientationPortrait UIInterfaceOrientationPortraitUpsideDown UIInterfaceOrientationLandscapeLeft UIInterfaceOrientationLandscapeRight";
				INFOPLIST_KEY_UISupportedInterfaceOrientations_iPhone = "UIInterfaceOrientationPortrait UIInterfaceOrientationLandscapeLeft UIInterfaceOrientationLandscapeRight";
				LD_RUNPATH_SEARCH_PATHS = (
					"$(inherited)",
					"@executable_path/Frameworks",
				);
				MARKETING_VERSION = 1.0;
				PRODUCT_BUNDLE_IDENTIFIER = df.rxSwift.education.RxSwiftEducation;
				PRODUCT_NAME = "$(TARGET_NAME)";
				SWIFT_EMIT_LOC_STRINGS = YES;
				SWIFT_VERSION = 5.0;
				TARGETED_DEVICE_FAMILY = "1,2";
			};
			name = Debug;
		};
		2DD91CE727DFB1D0007D0113 /* Release */ = {
			isa = XCBuildConfiguration;
			baseConfigurationReference = 14DD3A5C8E6BD563DD1E6841 /* Pods-RxSwiftEducation.release.xcconfig */;
			buildSettings = {
				ASSETCATALOG_COMPILER_APPICON_NAME = AppIcon;
				ASSETCATALOG_COMPILER_GLOBAL_ACCENT_COLOR_NAME = AccentColor;
				CODE_SIGN_STYLE = Automatic;
				CURRENT_PROJECT_VERSION = 1;
				DEVELOPMENT_TEAM = 6FJHRWT7C3;
				GENERATE_INFOPLIST_FILE = YES;
				INFOPLIST_FILE = RxSwiftEducation/Info.plist;
				INFOPLIST_KEY_UIApplicationSupportsIndirectInputEvents = YES;
				INFOPLIST_KEY_UILaunchStoryboardName = LaunchScreen;
				INFOPLIST_KEY_UIMainStoryboardFile = Main;
				INFOPLIST_KEY_UISupportedInterfaceOrientations_iPad = "UIInterfaceOrientationPortrait UIInterfaceOrientationPortraitUpsideDown UIInterfaceOrientationLandscapeLeft UIInterfaceOrientationLandscapeRight";
				INFOPLIST_KEY_UISupportedInterfaceOrientations_iPhone = "UIInterfaceOrientationPortrait UIInterfaceOrientationLandscapeLeft UIInterfaceOrientationLandscapeRight";
				LD_RUNPATH_SEARCH_PATHS = (
					"$(inherited)",
					"@executable_path/Frameworks",
				);
				MARKETING_VERSION = 1.0;
				PRODUCT_BUNDLE_IDENTIFIER = df.rxSwift.education.RxSwiftEducation;
				PRODUCT_NAME = "$(TARGET_NAME)";
				SWIFT_EMIT_LOC_STRINGS = YES;
				SWIFT_VERSION = 5.0;
				TARGETED_DEVICE_FAMILY = "1,2";
			};
			name = Release;
		};
		2DD91CE927DFB1D0007D0113 /* Debug */ = {
			isa = XCBuildConfiguration;
			baseConfigurationReference = 4DC59511B92FB238DE8A3802 /* Pods-RxSwiftEducationTests.debug.xcconfig */;
			buildSettings = {
				ALWAYS_EMBED_SWIFT_STANDARD_LIBRARIES = "$(inherited)";
				BUNDLE_LOADER = "$(TEST_HOST)";
				CODE_SIGN_STYLE = Automatic;
				CURRENT_PROJECT_VERSION = 1;
				DEVELOPMENT_TEAM = 6FJHRWT7C3;
				GENERATE_INFOPLIST_FILE = YES;
				IPHONEOS_DEPLOYMENT_TARGET = 15.2;
				MARKETING_VERSION = 1.0;
				PRODUCT_BUNDLE_IDENTIFIER = df.rxSwift.education.RxSwiftEducationTests;
				PRODUCT_NAME = "$(TARGET_NAME)";
				SWIFT_EMIT_LOC_STRINGS = NO;
				SWIFT_VERSION = 5.0;
				TARGETED_DEVICE_FAMILY = "1,2";
				TEST_HOST = "$(BUILT_PRODUCTS_DIR)/RxSwiftEducation.app/RxSwiftEducation";
			};
			name = Debug;
		};
		2DD91CEA27DFB1D0007D0113 /* Release */ = {
			isa = XCBuildConfiguration;
			baseConfigurationReference = 3936A879783B3C36EDBC3787 /* Pods-RxSwiftEducationTests.release.xcconfig */;
			buildSettings = {
				ALWAYS_EMBED_SWIFT_STANDARD_LIBRARIES = "$(inherited)";
				BUNDLE_LOADER = "$(TEST_HOST)";
				CODE_SIGN_STYLE = Automatic;
				CURRENT_PROJECT_VERSION = 1;
				DEVELOPMENT_TEAM = 6FJHRWT7C3;
				GENERATE_INFOPLIST_FILE = YES;
				IPHONEOS_DEPLOYMENT_TARGET = 15.2;
				MARKETING_VERSION = 1.0;
				PRODUCT_BUNDLE_IDENTIFIER = df.rxSwift.education.RxSwiftEducationTests;
				PRODUCT_NAME = "$(TARGET_NAME)";
				SWIFT_EMIT_LOC_STRINGS = NO;
				SWIFT_VERSION = 5.0;
				TARGETED_DEVICE_FAMILY = "1,2";
				TEST_HOST = "$(BUILT_PRODUCTS_DIR)/RxSwiftEducation.app/RxSwiftEducation";
			};
			name = Release;
		};
		2DD91CEC27DFB1D0007D0113 /* Debug */ = {
			isa = XCBuildConfiguration;
			baseConfigurationReference = 7B740A03EF265C2CA18864CF /* Pods-RxSwiftEducation-RxSwiftEducationUITests.debug.xcconfig */;
			buildSettings = {
				ALWAYS_EMBED_SWIFT_STANDARD_LIBRARIES = "$(inherited)";
				CODE_SIGN_STYLE = Automatic;
				CURRENT_PROJECT_VERSION = 1;
				DEVELOPMENT_TEAM = 6FJHRWT7C3;
				GENERATE_INFOPLIST_FILE = YES;
				MARKETING_VERSION = 1.0;
				PRODUCT_BUNDLE_IDENTIFIER = df.rxSwift.education.RxSwiftEducationUITests;
				PRODUCT_NAME = "$(TARGET_NAME)";
				SWIFT_EMIT_LOC_STRINGS = NO;
				SWIFT_VERSION = 5.0;
				TARGETED_DEVICE_FAMILY = "1,2";
				TEST_TARGET_NAME = RxSwiftEducation;
			};
			name = Debug;
		};
		2DD91CED27DFB1D0007D0113 /* Release */ = {
			isa = XCBuildConfiguration;
			baseConfigurationReference = 196CAAA6104F6E4E41CEF8D5 /* Pods-RxSwiftEducation-RxSwiftEducationUITests.release.xcconfig */;
			buildSettings = {
				ALWAYS_EMBED_SWIFT_STANDARD_LIBRARIES = "$(inherited)";
				CODE_SIGN_STYLE = Automatic;
				CURRENT_PROJECT_VERSION = 1;
				DEVELOPMENT_TEAM = 6FJHRWT7C3;
				GENERATE_INFOPLIST_FILE = YES;
				MARKETING_VERSION = 1.0;
				PRODUCT_BUNDLE_IDENTIFIER = df.rxSwift.education.RxSwiftEducationUITests;
				PRODUCT_NAME = "$(TARGET_NAME)";
				SWIFT_EMIT_LOC_STRINGS = NO;
				SWIFT_VERSION = 5.0;
				TARGETED_DEVICE_FAMILY = "1,2";
				TEST_TARGET_NAME = RxSwiftEducation;
			};
			name = Release;
		};
/* End XCBuildConfiguration section */

/* Begin XCConfigurationList section */
		2DD91CB627DFB1CE007D0113 /* Build configuration list for PBXProject "RxSwiftEducation" */ = {
			isa = XCConfigurationList;
			buildConfigurations = (
				2DD91CE327DFB1D0007D0113 /* Debug */,
				2DD91CE427DFB1D0007D0113 /* Release */,
			);
			defaultConfigurationIsVisible = 0;
			defaultConfigurationName = Release;
		};
		2DD91CE527DFB1D0007D0113 /* Build configuration list for PBXNativeTarget "RxSwiftEducation" */ = {
			isa = XCConfigurationList;
			buildConfigurations = (
				2DD91CE627DFB1D0007D0113 /* Debug */,
				2DD91CE727DFB1D0007D0113 /* Release */,
			);
			defaultConfigurationIsVisible = 0;
			defaultConfigurationName = Release;
		};
		2DD91CE827DFB1D0007D0113 /* Build configuration list for PBXNativeTarget "RxSwiftEducationTests" */ = {
			isa = XCConfigurationList;
			buildConfigurations = (
				2DD91CE927DFB1D0007D0113 /* Debug */,
				2DD91CEA27DFB1D0007D0113 /* Release */,
			);
			defaultConfigurationIsVisible = 0;
			defaultConfigurationName = Release;
		};
		2DD91CEB27DFB1D0007D0113 /* Build configuration list for PBXNativeTarget "RxSwiftEducationUITests" */ = {
			isa = XCConfigurationList;
			buildConfigurations = (
				2DD91CEC27DFB1D0007D0113 /* Debug */,
				2DD91CED27DFB1D0007D0113 /* Release */,
			);
			defaultConfigurationIsVisible = 0;
			defaultConfigurationName = Release;
		};
/* End XCConfigurationList section */
	};
	rootObject = 2DD91CB327DFB1CE007D0113 /* Project object */;
}
